// !$*UTF8*$!
{
	archiveVersion = 1;
	classes = {
	};
	objectVersion = 56;
	objects = {

/* Begin PBXBuildFile section */
		3DFF94C82C57CE5F001DD9D5 /* AppDelegate.swift in Sources */ = {isa = PBXBuildFile; fileRef = 3DFF94C72C57CE5F001DD9D5 /* AppDelegate.swift */; };
		3DFF94CA2C57CE5F001DD9D5 /* SceneDelegate.swift in Sources */ = {isa = PBXBuildFile; fileRef = 3DFF94C92C57CE5F001DD9D5 /* SceneDelegate.swift */; };
		3DFF94CC2C57CE5F001DD9D5 /* ViewController.swift in Sources */ = {isa = PBXBuildFile; fileRef = 3DFF94CB2C57CE5F001DD9D5 /* ViewController.swift */; };
		3DFF94D12C57CE60001DD9D5 /* Assets.xcassets in Resources */ = {isa = PBXBuildFile; fileRef = 3DFF94D02C57CE60001DD9D5 /* Assets.xcassets */; };
		3DFF94D42C57CE60001DD9D5 /* Base in Resources */ = {isa = PBXBuildFile; fileRef = 3DFF94D32C57CE60001DD9D5 /* Base */; };
		3DFF95042C57D697001DD9D5 /* FirebaseAppCheck in Frameworks */ = {isa = PBXBuildFile; productRef = 3DFF95032C57D697001DD9D5 /* FirebaseAppCheck */; };
		3DFF95062C57D697001DD9D5 /* FirebaseAuth in Frameworks */ = {isa = PBXBuildFile; productRef = 3DFF95052C57D697001DD9D5 /* FirebaseAuth */; };
		3DFF95082C57D697001DD9D5 /* FirebaseAuthCombine-Community in Frameworks */ = {isa = PBXBuildFile; productRef = 3DFF95072C57D697001DD9D5 /* FirebaseAuthCombine-Community */; };
		3DFF950A2C57D697001DD9D5 /* FirebaseDatabase in Frameworks */ = {isa = PBXBuildFile; productRef = 3DFF95092C57D697001DD9D5 /* FirebaseDatabase */; };
		3DFF950C2C57D697001DD9D5 /* FirebaseDatabaseSwift in Frameworks */ = {isa = PBXBuildFile; productRef = 3DFF950B2C57D697001DD9D5 /* FirebaseDatabaseSwift */; };
		3DFF950E2C57D697001DD9D5 /* FirebaseDynamicLinks in Frameworks */ = {isa = PBXBuildFile; productRef = 3DFF950D2C57D697001DD9D5 /* FirebaseDynamicLinks */; };
		3DFF95102C57D697001DD9D5 /* FirebaseFirestore in Frameworks */ = {isa = PBXBuildFile; productRef = 3DFF950F2C57D697001DD9D5 /* FirebaseFirestore */; };
		3DFF95122C57D697001DD9D5 /* FirebaseFirestoreCombine-Community in Frameworks */ = {isa = PBXBuildFile; productRef = 3DFF95112C57D697001DD9D5 /* FirebaseFirestoreCombine-Community */; };
		3DFF95142C57D697001DD9D5 /* FirebaseFirestoreSwift in Frameworks */ = {isa = PBXBuildFile; productRef = 3DFF95132C57D697001DD9D5 /* FirebaseFirestoreSwift */; };
		3DFF95162C57D697001DD9D5 /* FirebaseInstallations in Frameworks */ = {isa = PBXBuildFile; productRef = 3DFF95152C57D697001DD9D5 /* FirebaseInstallations */; };
		3DFF95182C57D697001DD9D5 /* FirebaseMLModelDownloader in Frameworks */ = {isa = PBXBuildFile; productRef = 3DFF95172C57D697001DD9D5 /* FirebaseMLModelDownloader */; };
		3DFF951A2C57D697001DD9D5 /* FirebasePerformance in Frameworks */ = {isa = PBXBuildFile; productRef = 3DFF95192C57D697001DD9D5 /* FirebasePerformance */; };
		3DFF951C2C57D697001DD9D5 /* FirebaseStorage in Frameworks */ = {isa = PBXBuildFile; productRef = 3DFF951B2C57D697001DD9D5 /* FirebaseStorage */; };
		3DFF951E2C57D697001DD9D5 /* FirebaseStorageCombine-Community in Frameworks */ = {isa = PBXBuildFile; productRef = 3DFF951D2C57D697001DD9D5 /* FirebaseStorageCombine-Community */; };
		3DFF95202C57D736001DD9D5 /* GoogleService-Info.plist in Resources */ = {isa = PBXBuildFile; fileRef = 3DFF951F2C57D736001DD9D5 /* GoogleService-Info.plist */; };
/* End PBXBuildFile section */

/* Begin PBXFileReference section */
		3DFF94C42C57CE5F001DD9D5 /* TeamUp.app */ = {isa = PBXFileReference; explicitFileType = wrapper.application; includeInIndex = 0; path = TeamUp.app; sourceTree = BUILT_PRODUCTS_DIR; };
		3DFF94C72C57CE5F001DD9D5 /* AppDelegate.swift */ = {isa = PBXFileReference; lastKnownFileType = sourcecode.swift; path = AppDelegate.swift; sourceTree = "<group>"; };
		3DFF94C92C57CE5F001DD9D5 /* SceneDelegate.swift */ = {isa = PBXFileReference; lastKnownFileType = sourcecode.swift; path = SceneDelegate.swift; sourceTree = "<group>"; };
		3DFF94CB2C57CE5F001DD9D5 /* ViewController.swift */ = {isa = PBXFileReference; lastKnownFileType = sourcecode.swift; path = ViewController.swift; sourceTree = "<group>"; };
		3DFF94D02C57CE60001DD9D5 /* Assets.xcassets */ = {isa = PBXFileReference; lastKnownFileType = folder.assetcatalog; path = Assets.xcassets; sourceTree = "<group>"; };
		3DFF94D32C57CE60001DD9D5 /* Base */ = {isa = PBXFileReference; lastKnownFileType = file.storyboard; name = Base; path = Base.lproj/LaunchScreen.storyboard; sourceTree = "<group>"; };
		3DFF94D52C57CE60001DD9D5 /* Info.plist */ = {isa = PBXFileReference; lastKnownFileType = text.plist.xml; path = Info.plist; sourceTree = "<group>"; };
		3DFF951F2C57D736001DD9D5 /* GoogleService-Info.plist */ = {isa = PBXFileReference; fileEncoding = 4; lastKnownFileType = text.plist.xml; path = "GoogleService-Info.plist"; sourceTree = "<group>"; };
/* End PBXFileReference section */

/* Begin PBXFrameworksBuildPhase section */
		3DFF94C12C57CE5F001DD9D5 /* Frameworks */ = {
			isa = PBXFrameworksBuildPhase;
			buildActionMask = 2147483647;
			files = (
				3DFF950C2C57D697001DD9D5 /* FirebaseDatabaseSwift in Frameworks */,
				3DFF95122C57D697001DD9D5 /* FirebaseFirestoreCombine-Community in Frameworks */,
				3DFF951A2C57D697001DD9D5 /* FirebasePerformance in Frameworks */,
				3DFF95042C57D697001DD9D5 /* FirebaseAppCheck in Frameworks */,
				3DFF95082C57D697001DD9D5 /* FirebaseAuthCombine-Community in Frameworks */,
				3DFF950A2C57D697001DD9D5 /* FirebaseDatabase in Frameworks */,
				3DFF95062C57D697001DD9D5 /* FirebaseAuth in Frameworks */,
				3DFF950E2C57D697001DD9D5 /* FirebaseDynamicLinks in Frameworks */,
				3DFF951E2C57D697001DD9D5 /* FirebaseStorageCombine-Community in Frameworks */,
				3DFF951C2C57D697001DD9D5 /* FirebaseStorage in Frameworks */,
				3DFF95182C57D697001DD9D5 /* FirebaseMLModelDownloader in Frameworks */,
				3DFF95102C57D697001DD9D5 /* FirebaseFirestore in Frameworks */,
				3DFF95142C57D697001DD9D5 /* FirebaseFirestoreSwift in Frameworks */,
				3DFF95162C57D697001DD9D5 /* FirebaseInstallations in Frameworks */,
			);
			runOnlyForDeploymentPostprocessing = 0;
		};
/* End PBXFrameworksBuildPhase section */

/* Begin PBXGroup section */
		3DFF94BB2C57CE5F001DD9D5 = {
			isa = PBXGroup;
			children = (
				3DFF94C62C57CE5F001DD9D5 /* TeamUp */,
				3DFF94C52C57CE5F001DD9D5 /* Products */,
			);
			sourceTree = "<group>";
		};
		3DFF94C52C57CE5F001DD9D5 /* Products */ = {
			isa = PBXGroup;
			children = (
				3DFF94C42C57CE5F001DD9D5 /* TeamUp.app */,
			);
			name = Products;
			sourceTree = "<group>";
		};
		3DFF94C62C57CE5F001DD9D5 /* TeamUp */ = {
			isa = PBXGroup;
			children = (
				3DFF95002C57D352001DD9D5 /* App */,
				3DFF95012C57D371001DD9D5 /* Resources */,
				3DFF94CB2C57CE5F001DD9D5 /* ViewController.swift */,
				3DFF94D52C57CE60001DD9D5 /* Info.plist */,
				3DFF951F2C57D736001DD9D5 /* GoogleService-Info.plist */,
			);
			path = TeamUp;
			sourceTree = "<group>";
		};
		3DFF95002C57D352001DD9D5 /* App */ = {
			isa = PBXGroup;
			children = (
				3DFF94C72C57CE5F001DD9D5 /* AppDelegate.swift */,
				3DFF94C92C57CE5F001DD9D5 /* SceneDelegate.swift */,
			);
			path = App;
			sourceTree = "<group>";
		};
		3DFF95012C57D371001DD9D5 /* Resources */ = {
			isa = PBXGroup;
			children = (
				3DFF94D02C57CE60001DD9D5 /* Assets.xcassets */,
				3DFF94D22C57CE60001DD9D5 /* LaunchScreen.storyboard */,
			);
			path = Resources;
			sourceTree = "<group>";
		};
/* End PBXGroup section */

/* Begin PBXNativeTarget section */
		3DFF94C32C57CE5F001DD9D5 /* TeamUp */ = {
			isa = PBXNativeTarget;
			buildConfigurationList = 3DFF94D82C57CE60001DD9D5 /* Build configuration list for PBXNativeTarget "TeamUp" */;
			buildPhases = (
				3DFF94C02C57CE5F001DD9D5 /* Sources */,
				3DFF94C12C57CE5F001DD9D5 /* Frameworks */,
				3DFF94C22C57CE5F001DD9D5 /* Resources */,
			);
			buildRules = (
			);
			dependencies = (
			);
			name = TeamUp;
			packageProductDependencies = (
				3DFF95032C57D697001DD9D5 /* FirebaseAppCheck */,
				3DFF95052C57D697001DD9D5 /* FirebaseAuth */,
				3DFF95072C57D697001DD9D5 /* FirebaseAuthCombine-Community */,
				3DFF95092C57D697001DD9D5 /* FirebaseDatabase */,
				3DFF950B2C57D697001DD9D5 /* FirebaseDatabaseSwift */,
				3DFF950D2C57D697001DD9D5 /* FirebaseDynamicLinks */,
				3DFF950F2C57D697001DD9D5 /* FirebaseFirestore */,
				3DFF95112C57D697001DD9D5 /* FirebaseFirestoreCombine-Community */,
				3DFF95132C57D697001DD9D5 /* FirebaseFirestoreSwift */,
				3DFF95152C57D697001DD9D5 /* FirebaseInstallations */,
				3DFF95172C57D697001DD9D5 /* FirebaseMLModelDownloader */,
				3DFF95192C57D697001DD9D5 /* FirebasePerformance */,
				3DFF951B2C57D697001DD9D5 /* FirebaseStorage */,
				3DFF951D2C57D697001DD9D5 /* FirebaseStorageCombine-Community */,
			);
			productName = TeamUp;
			productReference = 3DFF94C42C57CE5F001DD9D5 /* TeamUp.app */;
			productType = "com.apple.product-type.application";
		};
/* End PBXNativeTarget section */

/* Begin PBXProject section */
		3DFF94BC2C57CE5F001DD9D5 /* Project object */ = {
			isa = PBXProject;
			attributes = {
				BuildIndependentTargetsInParallel = 1;
				LastSwiftUpdateCheck = 1530;
				LastUpgradeCheck = 1530;
				TargetAttributes = {
					3DFF94C32C57CE5F001DD9D5 = {
						CreatedOnToolsVersion = 15.3;
					};
				};
			};
			buildConfigurationList = 3DFF94BF2C57CE5F001DD9D5 /* Build configuration list for PBXProject "TeamUp" */;
			compatibilityVersion = "Xcode 14.0";
			developmentRegion = en;
			hasScannedForEncodings = 0;
			knownRegions = (
				en,
				Base,
			);
			mainGroup = 3DFF94BB2C57CE5F001DD9D5;
			packageReferences = (
				3DFF95022C57D697001DD9D5 /* XCRemoteSwiftPackageReference "firebase-ios-sdk" */,
			);
			productRefGroup = 3DFF94C52C57CE5F001DD9D5 /* Products */;
			projectDirPath = "";
			projectRoot = "";
			targets = (
				3DFF94C32C57CE5F001DD9D5 /* TeamUp */,
			);
		};
/* End PBXProject section */

/* Begin PBXResourcesBuildPhase section */
		3DFF94C22C57CE5F001DD9D5 /* Resources */ = {
			isa = PBXResourcesBuildPhase;
			buildActionMask = 2147483647;
			files = (
				3DFF94D12C57CE60001DD9D5 /* Assets.xcassets in Resources */,
				3DFF94D42C57CE60001DD9D5 /* Base in Resources */,
				3DFF95202C57D736001DD9D5 /* GoogleService-Info.plist in Resources */,
			);
			runOnlyForDeploymentPostprocessing = 0;
		};
/* End PBXResourcesBuildPhase section */

/* Begin PBXSourcesBuildPhase section */
		3DFF94C02C57CE5F001DD9D5 /* Sources */ = {
			isa = PBXSourcesBuildPhase;
			buildActionMask = 2147483647;
			files = (
				3DFF94CC2C57CE5F001DD9D5 /* ViewController.swift in Sources */,
				3DFF94C82C57CE5F001DD9D5 /* AppDelegate.swift in Sources */,
				3DFF94CA2C57CE5F001DD9D5 /* SceneDelegate.swift in Sources */,
			);
			runOnlyForDeploymentPostprocessing = 0;
		};
/* End PBXSourcesBuildPhase section */

/* Begin PBXVariantGroup section */
		3DFF94D22C57CE60001DD9D5 /* LaunchScreen.storyboard */ = {
			isa = PBXVariantGroup;
			children = (
				3DFF94D32C57CE60001DD9D5 /* Base */,
			);
			name = LaunchScreen.storyboard;
			sourceTree = "<group>";
		};
/* End PBXVariantGroup section */

/* Begin XCBuildConfiguration section */
		3DFF94D62C57CE60001DD9D5 /* Debug */ = {
			isa = XCBuildConfiguration;
			buildSettings = {
				ALWAYS_SEARCH_USER_PATHS = NO;
				ASSETCATALOG_COMPILER_GENERATE_SWIFT_ASSET_SYMBOL_EXTENSIONS = YES;
				CLANG_ANALYZER_NONNULL = YES;
				CLANG_ANALYZER_NUMBER_OBJECT_CONVERSION = YES_AGGRESSIVE;
				CLANG_CXX_LANGUAGE_STANDARD = "gnu++20";
				CLANG_ENABLE_MODULES = YES;
				CLANG_ENABLE_OBJC_ARC = YES;
				CLANG_ENABLE_OBJC_WEAK = YES;
				CLANG_WARN_BLOCK_CAPTURE_AUTORELEASING = YES;
				CLANG_WARN_BOOL_CONVERSION = YES;
				CLANG_WARN_COMMA = YES;
				CLANG_WARN_CONSTANT_CONVERSION = YES;
				CLANG_WARN_DEPRECATED_OBJC_IMPLEMENTATIONS = YES;
				CLANG_WARN_DIRECT_OBJC_ISA_USAGE = YES_ERROR;
				CLANG_WARN_DOCUMENTATION_COMMENTS = YES;
				CLANG_WARN_EMPTY_BODY = YES;
				CLANG_WARN_ENUM_CONVERSION = YES;
				CLANG_WARN_INFINITE_RECURSION = YES;
				CLANG_WARN_INT_CONVERSION = YES;
				CLANG_WARN_NON_LITERAL_NULL_CONVERSION = YES;
				CLANG_WARN_OBJC_IMPLICIT_RETAIN_SELF = YES;
				CLANG_WARN_OBJC_LITERAL_CONVERSION = YES;
				CLANG_WARN_OBJC_ROOT_CLASS = YES_ERROR;
				CLANG_WARN_QUOTED_INCLUDE_IN_FRAMEWORK_HEADER = YES;
				CLANG_WARN_RANGE_LOOP_ANALYSIS = YES;
				CLANG_WARN_STRICT_PROTOTYPES = YES;
				CLANG_WARN_SUSPICIOUS_MOVE = YES;
				CLANG_WARN_UNGUARDED_AVAILABILITY = YES_AGGRESSIVE;
				CLANG_WARN_UNREACHABLE_CODE = YES;
				CLANG_WARN__DUPLICATE_METHOD_MATCH = YES;
				COPY_PHASE_STRIP = NO;
				DEBUG_INFORMATION_FORMAT = dwarf;
				ENABLE_STRICT_OBJC_MSGSEND = YES;
				ENABLE_TESTABILITY = YES;
				ENABLE_USER_SCRIPT_SANDBOXING = YES;
				GCC_C_LANGUAGE_STANDARD = gnu17;
				GCC_DYNAMIC_NO_PIC = NO;
				GCC_NO_COMMON_BLOCKS = YES;
				GCC_OPTIMIZATION_LEVEL = 0;
				GCC_PREPROCESSOR_DEFINITIONS = (
					"DEBUG=1",
					"$(inherited)",
				);
				GCC_WARN_64_TO_32_BIT_CONVERSION = YES;
				GCC_WARN_ABOUT_RETURN_TYPE = YES_ERROR;
				GCC_WARN_UNDECLARED_SELECTOR = YES;
				GCC_WARN_UNINITIALIZED_AUTOS = YES_AGGRESSIVE;
				GCC_WARN_UNUSED_FUNCTION = YES;
				GCC_WARN_UNUSED_VARIABLE = YES;
				IPHONEOS_DEPLOYMENT_TARGET = 17.4;
				LOCALIZATION_PREFERS_STRING_CATALOGS = YES;
				MTL_ENABLE_DEBUG_INFO = INCLUDE_SOURCE;
				MTL_FAST_MATH = YES;
				ONLY_ACTIVE_ARCH = YES;
				SDKROOT = iphoneos;
				SWIFT_ACTIVE_COMPILATION_CONDITIONS = "DEBUG $(inherited)";
				SWIFT_OPTIMIZATION_LEVEL = "-Onone";
			};
			name = Debug;
		};
		3DFF94D72C57CE60001DD9D5 /* Release */ = {
			isa = XCBuildConfiguration;
			buildSettings = {
				ALWAYS_SEARCH_USER_PATHS = NO;
				ASSETCATALOG_COMPILER_GENERATE_SWIFT_ASSET_SYMBOL_EXTENSIONS = YES;
				CLANG_ANALYZER_NONNULL = YES;
				CLANG_ANALYZER_NUMBER_OBJECT_CONVERSION = YES_AGGRESSIVE;
				CLANG_CXX_LANGUAGE_STANDARD = "gnu++20";
				CLANG_ENABLE_MODULES = YES;
				CLANG_ENABLE_OBJC_ARC = YES;
				CLANG_ENABLE_OBJC_WEAK = YES;
				CLANG_WARN_BLOCK_CAPTURE_AUTORELEASING = YES;
				CLANG_WARN_BOOL_CONVERSION = YES;
				CLANG_WARN_COMMA = YES;
				CLANG_WARN_CONSTANT_CONVERSION = YES;
				CLANG_WARN_DEPRECATED_OBJC_IMPLEMENTATIONS = YES;
				CLANG_WARN_DIRECT_OBJC_ISA_USAGE = YES_ERROR;
				CLANG_WARN_DOCUMENTATION_COMMENTS = YES;
				CLANG_WARN_EMPTY_BODY = YES;
				CLANG_WARN_ENUM_CONVERSION = YES;
				CLANG_WARN_INFINITE_RECURSION = YES;
				CLANG_WARN_INT_CONVERSION = YES;
				CLANG_WARN_NON_LITERAL_NULL_CONVERSION = YES;
				CLANG_WARN_OBJC_IMPLICIT_RETAIN_SELF = YES;
				CLANG_WARN_OBJC_LITERAL_CONVERSION = YES;
				CLANG_WARN_OBJC_ROOT_CLASS = YES_ERROR;
				CLANG_WARN_QUOTED_INCLUDE_IN_FRAMEWORK_HEADER = YES;
				CLANG_WARN_RANGE_LOOP_ANALYSIS = YES;
				CLANG_WARN_STRICT_PROTOTYPES = YES;
				CLANG_WARN_SUSPICIOUS_MOVE = YES;
				CLANG_WARN_UNGUARDED_AVAILABILITY = YES_AGGRESSIVE;
				CLANG_WARN_UNREACHABLE_CODE = YES;
				CLANG_WARN__DUPLICATE_METHOD_MATCH = YES;
				COPY_PHASE_STRIP = NO;
				DEBUG_INFORMATION_FORMAT = "dwarf-with-dsym";
				ENABLE_NS_ASSERTIONS = NO;
				ENABLE_STRICT_OBJC_MSGSEND = YES;
				ENABLE_USER_SCRIPT_SANDBOXING = YES;
				GCC_C_LANGUAGE_STANDARD = gnu17;
				GCC_NO_COMMON_BLOCKS = YES;
				GCC_WARN_64_TO_32_BIT_CONVERSION = YES;
				GCC_WARN_ABOUT_RETURN_TYPE = YES_ERROR;
				GCC_WARN_UNDECLARED_SELECTOR = YES;
				GCC_WARN_UNINITIALIZED_AUTOS = YES_AGGRESSIVE;
				GCC_WARN_UNUSED_FUNCTION = YES;
				GCC_WARN_UNUSED_VARIABLE = YES;
				IPHONEOS_DEPLOYMENT_TARGET = 17.4;
				LOCALIZATION_PREFERS_STRING_CATALOGS = YES;
				MTL_ENABLE_DEBUG_INFO = NO;
				MTL_FAST_MATH = YES;
				SDKROOT = iphoneos;
				SWIFT_COMPILATION_MODE = wholemodule;
				VALIDATE_PRODUCT = YES;
			};
			name = Release;
		};
		3DFF94D92C57CE60001DD9D5 /* Debug */ = {
			isa = XCBuildConfiguration;
			buildSettings = {
				ASSETCATALOG_COMPILER_APPICON_NAME = AppIcon;
				ASSETCATALOG_COMPILER_GLOBAL_ACCENT_COLOR_NAME = AccentColor;
				CODE_SIGN_STYLE = Automatic;
				CURRENT_PROJECT_VERSION = 1;
				GENERATE_INFOPLIST_FILE = YES;
				INFOPLIST_FILE = TeamUp/Info.plist;
				INFOPLIST_KEY_UIApplicationSupportsIndirectInputEvents = YES;
				INFOPLIST_KEY_UILaunchStoryboardName = LaunchScreen;
				INFOPLIST_KEY_UISupportedInterfaceOrientations_iPad = "UIInterfaceOrientationPortrait UIInterfaceOrientationPortraitUpsideDown UIInterfaceOrientationLandscapeLeft UIInterfaceOrientationLandscapeRight";
				INFOPLIST_KEY_UISupportedInterfaceOrientations_iPhone = "UIInterfaceOrientationPortrait UIInterfaceOrientationLandscapeLeft UIInterfaceOrientationLandscapeRight";
				IPHONEOS_DEPLOYMENT_TARGET = 14.0;
				LD_RUNPATH_SEARCH_PATHS = (
					"$(inherited)",
					"@executable_path/Frameworks",
				);
				MARKETING_VERSION = 1.0;
				PRODUCT_BUNDLE_IDENTIFIER = com.alihizardere.TeamUp;
				PRODUCT_NAME = "$(TARGET_NAME)";
				SWIFT_EMIT_LOC_STRINGS = YES;
				SWIFT_VERSION = 5.0;
				TARGETED_DEVICE_FAMILY = "1,2";
			};
			name = Debug;
		};
		3DFF94DA2C57CE60001DD9D5 /* Release */ = {
			isa = XCBuildConfiguration;
			buildSettings = {
				ASSETCATALOG_COMPILER_APPICON_NAME = AppIcon;
				ASSETCATALOG_COMPILER_GLOBAL_ACCENT_COLOR_NAME = AccentColor;
				CODE_SIGN_STYLE = Automatic;
				CURRENT_PROJECT_VERSION = 1;
				GENERATE_INFOPLIST_FILE = YES;
				INFOPLIST_FILE = TeamUp/Info.plist;
				INFOPLIST_KEY_UIApplicationSupportsIndirectInputEvents = YES;
				INFOPLIST_KEY_UILaunchStoryboardName = LaunchScreen;
				INFOPLIST_KEY_UISupportedInterfaceOrientations_iPad = "UIInterfaceOrientationPortrait UIInterfaceOrientationPortraitUpsideDown UIInterfaceOrientationLandscapeLeft UIInterfaceOrientationLandscapeRight";
				INFOPLIST_KEY_UISupportedInterfaceOrientations_iPhone = "UIInterfaceOrientationPortrait UIInterfaceOrientationLandscapeLeft UIInterfaceOrientationLandscapeRight";
				IPHONEOS_DEPLOYMENT_TARGET = 14.0;
				LD_RUNPATH_SEARCH_PATHS = (
					"$(inherited)",
					"@executable_path/Frameworks",
				);
				MARKETING_VERSION = 1.0;
				PRODUCT_BUNDLE_IDENTIFIER = com.alihizardere.TeamUp;
				PRODUCT_NAME = "$(TARGET_NAME)";
				SWIFT_EMIT_LOC_STRINGS = YES;
				SWIFT_VERSION = 5.0;
				TARGETED_DEVICE_FAMILY = "1,2";
			};
			name = Release;
		};
/* End XCBuildConfiguration section */

/* Begin XCConfigurationList section */
		3DFF94BF2C57CE5F001DD9D5 /* Build configuration list for PBXProject "TeamUp" */ = {
			isa = XCConfigurationList;
			buildConfigurations = (
				3DFF94D62C57CE60001DD9D5 /* Debug */,
				3DFF94D72C57CE60001DD9D5 /* Release */,
			);
			defaultConfigurationIsVisible = 0;
			defaultConfigurationName = Release;
		};
		3DFF94D82C57CE60001DD9D5 /* Build configuration list for PBXNativeTarget "TeamUp" */ = {
			isa = XCConfigurationList;
			buildConfigurations = (
				3DFF94D92C57CE60001DD9D5 /* Debug */,
				3DFF94DA2C57CE60001DD9D5 /* Release */,
			);
			defaultConfigurationIsVisible = 0;
			defaultConfigurationName = Release;
		};
/* End XCConfigurationList section */

/* Begin XCRemoteSwiftPackageReference section */
		3DFF95022C57D697001DD9D5 /* XCRemoteSwiftPackageReference "firebase-ios-sdk" */ = {
			isa = XCRemoteSwiftPackageReference;
			repositoryURL = "https://github.com/firebase/firebase-ios-sdk";
			requirement = {
				kind = upToNextMajorVersion;
				minimumVersion = 10.29.0;
			};
		};
/* End XCRemoteSwiftPackageReference section */

/* Begin XCSwiftPackageProductDependency section */
		3DFF95032C57D697001DD9D5 /* FirebaseAppCheck */ = {
			isa = XCSwiftPackageProductDependency;
			package = 3DFF95022C57D697001DD9D5 /* XCRemoteSwiftPackageReference "firebase-ios-sdk" */;
			productName = FirebaseAppCheck;
		};
		3DFF95052C57D697001DD9D5 /* FirebaseAuth */ = {
			isa = XCSwiftPackageProductDependency;
			package = 3DFF95022C57D697001DD9D5 /* XCRemoteSwiftPackageReference "firebase-ios-sdk" */;
			productName = FirebaseAuth;
		};
		3DFF95072C57D697001DD9D5 /* FirebaseAuthCombine-Community */ = {
			isa = XCSwiftPackageProductDependency;
			package = 3DFF95022C57D697001DD9D5 /* XCRemoteSwiftPackageReference "firebase-ios-sdk" */;
			productName = "FirebaseAuthCombine-Community";
		};
		3DFF95092C57D697001DD9D5 /* FirebaseDatabase */ = {
			isa = XCSwiftPackageProductDependency;
			package = 3DFF95022C57D697001DD9D5 /* XCRemoteSwiftPackageReference "firebase-ios-sdk" */;
			productName = FirebaseDatabase;
		};
		3DFF950B2C57D697001DD9D5 /* FirebaseDatabaseSwift */ = {
			isa = XCSwiftPackageProductDependency;
			package = 3DFF95022C57D697001DD9D5 /* XCRemoteSwiftPackageReference "firebase-ios-sdk" */;
			productName = FirebaseDatabaseSwift;
		};
		3DFF950D2C57D697001DD9D5 /* FirebaseDynamicLinks */ = {
			isa = XCSwiftPackageProductDependency;
			package = 3DFF95022C57D697001DD9D5 /* XCRemoteSwiftPackageReference "firebase-ios-sdk" */;
			productName = FirebaseDynamicLinks;
		};
		3DFF950F2C57D697001DD9D5 /* FirebaseFirestore */ = {
			isa = XCSwiftPackageProductDependency;
			package = 3DFF95022C57D697001DD9D5 /* XCRemoteSwiftPackageReference "firebase-ios-sdk" */;
			productName = FirebaseFirestore;
		};
		3DFF95112C57D697001DD9D5 /* FirebaseFirestoreCombine-Community */ = {
			isa = XCSwiftPackageProductDependency;
			package = 3DFF95022C57D697001DD9D5 /* XCRemoteSwiftPackageReference "firebase-ios-sdk" */;
			productName = "FirebaseFirestoreCombine-Community";
		};
		3DFF95132C57D697001DD9D5 /* FirebaseFirestoreSwift */ = {
			isa = XCSwiftPackageProductDependency;
			package = 3DFF95022C57D697001DD9D5 /* XCRemoteSwiftPackageReference "firebase-ios-sdk" */;
			productName = FirebaseFirestoreSwift;
		};
		3DFF95152C57D697001DD9D5 /* FirebaseInstallations */ = {
			isa = XCSwiftPackageProductDependency;
			package = 3DFF95022C57D697001DD9D5 /* XCRemoteSwiftPackageReference "firebase-ios-sdk" */;
			productName = FirebaseInstallations;
		};
		3DFF95172C57D697001DD9D5 /* FirebaseMLModelDownloader */ = {
			isa = XCSwiftPackageProductDependency;
			package = 3DFF95022C57D697001DD9D5 /* XCRemoteSwiftPackageReference "firebase-ios-sdk" */;
			productName = FirebaseMLModelDownloader;
		};
		3DFF95192C57D697001DD9D5 /* FirebasePerformance */ = {
			isa = XCSwiftPackageProductDependency;
			package = 3DFF95022C57D697001DD9D5 /* XCRemoteSwiftPackageReference "firebase-ios-sdk" */;
			productName = FirebasePerformance;
		};
		3DFF951B2C57D697001DD9D5 /* FirebaseStorage */ = {
			isa = XCSwiftPackageProductDependency;
			package = 3DFF95022C57D697001DD9D5 /* XCRemoteSwiftPackageReference "firebase-ios-sdk" */;
			productName = FirebaseStorage;
		};
		3DFF951D2C57D697001DD9D5 /* FirebaseStorageCombine-Community */ = {
			isa = XCSwiftPackageProductDependency;
			package = 3DFF95022C57D697001DD9D5 /* XCRemoteSwiftPackageReference "firebase-ios-sdk" */;
			productName = "FirebaseStorageCombine-Community";
		};
/* End XCSwiftPackageProductDependency section */
	};
	rootObject = 3DFF94BC2C57CE5F001DD9D5 /* Project object */;
}
