// !$*UTF8*$!
{
	archiveVersion = 1;
	classes = {
	};
	objectVersion = 56;
	objects = {

/* Begin PBXBuildFile section */
		3D1758102C5E756600E5BAE4 /* LoadingShowable.swift in Sources */ = {isa = PBXBuildFile; fileRef = 3D17580F2C5E756600E5BAE4 /* LoadingShowable.swift */; };
		3D2A4A3A2C6260DC004BD4F5 /* PlayerListViewModel.swift in Sources */ = {isa = PBXBuildFile; fileRef = 3D2A4A392C6260DC004BD4F5 /* PlayerListViewModel.swift */; };
		3D51AB8F2C61687E00E1950B /* UIView.swift in Sources */ = {isa = PBXBuildFile; fileRef = 3D51AB8E2C61687E00E1950B /* UIView.swift */; };
		3D65F6FE2C61B2A1008506F7 /* PlayerCustomView.swift in Sources */ = {isa = PBXBuildFile; fileRef = 3D65F6FD2C61B2A1008506F7 /* PlayerCustomView.swift */; };
		3D81557E2C636E6C00DEEC27 /* PlayerDetailViewModel.swift in Sources */ = {isa = PBXBuildFile; fileRef = 3D81557D2C636E6C00DEEC27 /* PlayerDetailViewModel.swift */; };
		3D8476D72C66B77E000E45AA /* Lottie in Frameworks */ = {isa = PBXBuildFile; productRef = 3D8476D62C66B77E000E45AA /* Lottie */; };
		3D8476DB2C66B964000E45AA /* Animation2.json in Resources */ = {isa = PBXBuildFile; fileRef = 3D8476D82C66B964000E45AA /* Animation2.json */; };
		3D8476DC2C66B964000E45AA /* Animation1.json in Resources */ = {isa = PBXBuildFile; fileRef = 3D8476D92C66B964000E45AA /* Animation1.json */; };
		3D8476DD2C66B964000E45AA /* Animation3.json in Resources */ = {isa = PBXBuildFile; fileRef = 3D8476DA2C66B964000E45AA /* Animation3.json */; };
		3DA5BE5D2C5BC2450048C3AB /* UIAlertController.swift in Sources */ = {isa = PBXBuildFile; fileRef = 3DA5BE5C2C5BC2450048C3AB /* UIAlertController.swift */; };
		3DA860C42C65E0C400598551 /* MatchDetailViewModel.swift in Sources */ = {isa = PBXBuildFile; fileRef = 3DA860C32C65E0C400598551 /* MatchDetailViewModel.swift */; };
		3DA860C62C66266400598551 /* CityResponse.swift in Sources */ = {isa = PBXBuildFile; fileRef = 3DA860C52C66266400598551 /* CityResponse.swift */; };
		3DB528D62C5A66BD004DD7B6 /* WeatherResponse.swift in Sources */ = {isa = PBXBuildFile; fileRef = 3DB528D52C5A66BD004DD7B6 /* WeatherResponse.swift */; };
		3DB61D2B2C5A376C000ECAE0 /* WeatherLogic.swift in Sources */ = {isa = PBXBuildFile; fileRef = 3DB61D2A2C5A376C000ECAE0 /* WeatherLogic.swift */; };
		3DB61D2D2C5A37FE000ECAE0 /* WebService.swift in Sources */ = {isa = PBXBuildFile; fileRef = 3DB61D2C2C5A37FE000ECAE0 /* WebService.swift */; };
		3DB61D342C5A385D000ECAE0 /* Router.swift in Sources */ = {isa = PBXBuildFile; fileRef = 3DB61D332C5A385D000ECAE0 /* Router.swift */; };
		3DB61D372C5A38E1000ECAE0 /* Constants.swift in Sources */ = {isa = PBXBuildFile; fileRef = 3DB61D362C5A38E1000ECAE0 /* Constants.swift */; };
		3DDF17642C59053400F2BF80 /* FirebaseManager.swift in Sources */ = {isa = PBXBuildFile; fileRef = 3DDF17632C59053400F2BF80 /* FirebaseManager.swift */; };
		3DDF17672C59059A00F2BF80 /* Player.swift in Sources */ = {isa = PBXBuildFile; fileRef = 3DDF17662C59059A00F2BF80 /* Player.swift */; };
		3DDF176B2C591B3900F2BF80 /* PlayerDetailViewController.xib in Resources */ = {isa = PBXBuildFile; fileRef = 3DDF176A2C591B3900F2BF80 /* PlayerDetailViewController.xib */; };
		3DDF176C2C591B3900F2BF80 /* PlayerDetailViewController.swift in Sources */ = {isa = PBXBuildFile; fileRef = 3DDF17692C591B3900F2BF80 /* PlayerDetailViewController.swift */; };
		3DDF17712C593F1E00F2BF80 /* PlayerCell.swift in Sources */ = {isa = PBXBuildFile; fileRef = 3DDF176F2C593F1E00F2BF80 /* PlayerCell.swift */; };
		3DDF17722C593F1E00F2BF80 /* PlayerCell.xib in Resources */ = {isa = PBXBuildFile; fileRef = 3DDF17702C593F1E00F2BF80 /* PlayerCell.xib */; };
		3DDF17752C59430100F2BF80 /* Kingfisher in Frameworks */ = {isa = PBXBuildFile; productRef = 3DDF17742C59430100F2BF80 /* Kingfisher */; };
		3DFC17D22C66AA9600917726 /* OnboardingViewController.swift in Sources */ = {isa = PBXBuildFile; fileRef = 3DFC17D02C66AA9600917726 /* OnboardingViewController.swift */; };
		3DFC17D32C66AA9600917726 /* OnboardingViewController.xib in Resources */ = {isa = PBXBuildFile; fileRef = 3DFC17D12C66AA9600917726 /* OnboardingViewController.xib */; };
		3DFC17D72C66AB8B00917726 /* OnboardingCell.swift in Sources */ = {isa = PBXBuildFile; fileRef = 3DFC17D52C66AB8B00917726 /* OnboardingCell.swift */; };
		3DFC17D82C66AB8B00917726 /* OnboardingCell.xib in Resources */ = {isa = PBXBuildFile; fileRef = 3DFC17D62C66AB8B00917726 /* OnboardingCell.xib */; };
		3DFC17DA2C66AC0500917726 /* OnboardingSlide.swift in Sources */ = {isa = PBXBuildFile; fileRef = 3DFC17D92C66AC0500917726 /* OnboardingSlide.swift */; };
		3DFF94C82C57CE5F001DD9D5 /* AppDelegate.swift in Sources */ = {isa = PBXBuildFile; fileRef = 3DFF94C72C57CE5F001DD9D5 /* AppDelegate.swift */; };
		3DFF94CA2C57CE5F001DD9D5 /* SceneDelegate.swift in Sources */ = {isa = PBXBuildFile; fileRef = 3DFF94C92C57CE5F001DD9D5 /* SceneDelegate.swift */; };
		3DFF94CC2C57CE5F001DD9D5 /* BaseViewController.swift in Sources */ = {isa = PBXBuildFile; fileRef = 3DFF94CB2C57CE5F001DD9D5 /* BaseViewController.swift */; };
		3DFF94D12C57CE60001DD9D5 /* Assets.xcassets in Resources */ = {isa = PBXBuildFile; fileRef = 3DFF94D02C57CE60001DD9D5 /* Assets.xcassets */; };
		3DFF94D42C57CE60001DD9D5 /* Base in Resources */ = {isa = PBXBuildFile; fileRef = 3DFF94D32C57CE60001DD9D5 /* Base */; };
		3DFF95042C57D697001DD9D5 /* FirebaseAppCheck in Frameworks */ = {isa = PBXBuildFile; productRef = 3DFF95032C57D697001DD9D5 /* FirebaseAppCheck */; };
		3DFF95062C57D697001DD9D5 /* FirebaseAuth in Frameworks */ = {isa = PBXBuildFile; productRef = 3DFF95052C57D697001DD9D5 /* FirebaseAuth */; };
		3DFF95082C57D697001DD9D5 /* FirebaseAuthCombine-Community in Frameworks */ = {isa = PBXBuildFile; productRef = 3DFF95072C57D697001DD9D5 /* FirebaseAuthCombine-Community */; };
		3DFF950A2C57D697001DD9D5 /* FirebaseDatabase in Frameworks */ = {isa = PBXBuildFile; productRef = 3DFF95092C57D697001DD9D5 /* FirebaseDatabase */; };
		3DFF950C2C57D697001DD9D5 /* FirebaseDatabaseSwift in Frameworks */ = {isa = PBXBuildFile; productRef = 3DFF950B2C57D697001DD9D5 /* FirebaseDatabaseSwift */; };
		3DFF950E2C57D697001DD9D5 /* FirebaseDynamicLinks in Frameworks */ = {isa = PBXBuildFile; productRef = 3DFF950D2C57D697001DD9D5 /* FirebaseDynamicLinks */; };
		3DFF95102C57D697001DD9D5 /* FirebaseFirestore in Frameworks */ = {isa = PBXBuildFile; productRef = 3DFF950F2C57D697001DD9D5 /* FirebaseFirestore */; };
		3DFF95122C57D697001DD9D5 /* FirebaseFirestoreCombine-Community in Frameworks */ = {isa = PBXBuildFile; productRef = 3DFF95112C57D697001DD9D5 /* FirebaseFirestoreCombine-Community */; };
		3DFF95142C57D697001DD9D5 /* FirebaseFirestoreSwift in Frameworks */ = {isa = PBXBuildFile; productRef = 3DFF95132C57D697001DD9D5 /* FirebaseFirestoreSwift */; };
		3DFF95162C57D697001DD9D5 /* FirebaseInstallations in Frameworks */ = {isa = PBXBuildFile; productRef = 3DFF95152C57D697001DD9D5 /* FirebaseInstallations */; };
		3DFF95182C57D697001DD9D5 /* FirebaseMLModelDownloader in Frameworks */ = {isa = PBXBuildFile; productRef = 3DFF95172C57D697001DD9D5 /* FirebaseMLModelDownloader */; };
		3DFF951A2C57D697001DD9D5 /* FirebasePerformance in Frameworks */ = {isa = PBXBuildFile; productRef = 3DFF95192C57D697001DD9D5 /* FirebasePerformance */; };
		3DFF951C2C57D697001DD9D5 /* FirebaseStorage in Frameworks */ = {isa = PBXBuildFile; productRef = 3DFF951B2C57D697001DD9D5 /* FirebaseStorage */; };
		3DFF951E2C57D697001DD9D5 /* FirebaseStorageCombine-Community in Frameworks */ = {isa = PBXBuildFile; productRef = 3DFF951D2C57D697001DD9D5 /* FirebaseStorageCombine-Community */; };
		3DFF95202C57D736001DD9D5 /* GoogleService-Info.plist in Resources */ = {isa = PBXBuildFile; fileRef = 3DFF951F2C57D736001DD9D5 /* GoogleService-Info.plist */; };
		3DFF95242C58079B001DD9D5 /* CreateMatchViewController.xib in Resources */ = {isa = PBXBuildFile; fileRef = 3DFF95232C58079B001DD9D5 /* CreateMatchViewController.xib */; };
		3DFF95252C58079B001DD9D5 /* CreateMatchViewController.swift in Sources */ = {isa = PBXBuildFile; fileRef = 3DFF95222C58079B001DD9D5 /* CreateMatchViewController.swift */; };
		3DFF95292C5807C8001DD9D5 /* PlayerListViewController.xib in Resources */ = {isa = PBXBuildFile; fileRef = 3DFF95282C5807C8001DD9D5 /* PlayerListViewController.xib */; };
		3DFF952A2C5807C8001DD9D5 /* PlayerListViewController.swift in Sources */ = {isa = PBXBuildFile; fileRef = 3DFF95272C5807C8001DD9D5 /* PlayerListViewController.swift */; };
		4514B96A2C6364B200E54C95 /* CreateMatchViewModel.swift in Sources */ = {isa = PBXBuildFile; fileRef = 4514B9692C6364B200E54C95 /* CreateMatchViewModel.swift */; };
		4517B47C2C64D0D8005C90D6 /* SetPlayersViewModel.swift in Sources */ = {isa = PBXBuildFile; fileRef = 4517B47B2C64D0D8005C90D6 /* SetPlayersViewModel.swift */; };
		458E31232C5A28640039B64F /* MatchDetailViewController.xib in Resources */ = {isa = PBXBuildFile; fileRef = 458E31222C5A28640039B64F /* MatchDetailViewController.xib */; };
		458E31242C5A28640039B64F /* MatchDetailViewController.swift in Sources */ = {isa = PBXBuildFile; fileRef = 458E31212C5A28640039B64F /* MatchDetailViewController.swift */; };
		45979D3E2C5E300A00F3263E /* LoadingView.swift in Sources */ = {isa = PBXBuildFile; fileRef = 45979D3D2C5E300A00F3263E /* LoadingView.swift */; };
		45979D402C5E30B000F3263E /* EmptyView.swift in Sources */ = {isa = PBXBuildFile; fileRef = 45979D3F2C5E30B000F3263E /* EmptyView.swift */; };
		45A8C5E62C5A52FA00B496A9 /* Alamofire in Frameworks */ = {isa = PBXBuildFile; productRef = 45A8C5E52C5A52FA00B496A9 /* Alamofire */; };
		45B1216B2C617E87003AC229 /* SetPlayersViewController.swift in Sources */ = {isa = PBXBuildFile; fileRef = 45B121692C617E87003AC229 /* SetPlayersViewController.swift */; };
		45B1216C2C617E87003AC229 /* SetPlayersViewController.xib in Resources */ = {isa = PBXBuildFile; fileRef = 45B1216A2C617E87003AC229 /* SetPlayersViewController.xib */; };
		45B121702C617EEC003AC229 /* PlayerCollectionViewCell.swift in Sources */ = {isa = PBXBuildFile; fileRef = 45B1216E2C617EEC003AC229 /* PlayerCollectionViewCell.swift */; };
		45B121712C617EEC003AC229 /* PlayerCollectionViewCell.xib in Resources */ = {isa = PBXBuildFile; fileRef = 45B1216F2C617EEC003AC229 /* PlayerCollectionViewCell.xib */; };
		45C772CF2C57EF3400C952C8 /* LandingViewController.swift in Sources */ = {isa = PBXBuildFile; fileRef = 45C772CD2C57EF3400C952C8 /* LandingViewController.swift */; };
		45C772D02C57EF3400C952C8 /* LandingViewController.xib in Resources */ = {isa = PBXBuildFile; fileRef = 45C772CE2C57EF3400C952C8 /* LandingViewController.xib */; };
		45C772D32C57EF4600C952C8 /* HomeViewController.swift in Sources */ = {isa = PBXBuildFile; fileRef = 45C772D12C57EF4600C952C8 /* HomeViewController.swift */; };
		45C772D42C57EF4600C952C8 /* HomeViewController.xib in Resources */ = {isa = PBXBuildFile; fileRef = 45C772D22C57EF4600C952C8 /* HomeViewController.xib */; };
		45DCF4F72C6667510014AE2F /* TeamUpTests.swift in Sources */ = {isa = PBXBuildFile; fileRef = 45DCF4F62C6667510014AE2F /* TeamUpTests.swift */; };
		45DCF4FF2C66693F0014AE2F /* PlayerListTests.swift in Sources */ = {isa = PBXBuildFile; fileRef = 45DCF4FE2C66693F0014AE2F /* PlayerListTests.swift */; };
		45DCF5012C666CB10014AE2F /* MockFirebaseService.swift in Sources */ = {isa = PBXBuildFile; fileRef = 45DCF5002C666CB10014AE2F /* MockFirebaseService.swift */; };
		45DCF5032C666CCC0014AE2F /* MockPlayerListViewModelDelegate.swift in Sources */ = {isa = PBXBuildFile; fileRef = 45DCF5022C666CCC0014AE2F /* MockPlayerListViewModelDelegate.swift */; };
		45DCF5062C66853D0014AE2F /* PlayerDetailTests.swift in Sources */ = {isa = PBXBuildFile; fileRef = 45DCF5052C66853D0014AE2F /* PlayerDetailTests.swift */; };
		45DCF5082C6685590014AE2F /* MockPlayerDetailViewModelDelegate.swift in Sources */ = {isa = PBXBuildFile; fileRef = 45DCF5072C6685590014AE2F /* MockPlayerDetailViewModelDelegate.swift */; };
/* End PBXBuildFile section */

/* Begin PBXContainerItemProxy section */
		45DCF4F82C6667510014AE2F /* PBXContainerItemProxy */ = {
			isa = PBXContainerItemProxy;
			containerPortal = 3DFF94BC2C57CE5F001DD9D5 /* Project object */;
			proxyType = 1;
			remoteGlobalIDString = 3DFF94C32C57CE5F001DD9D5;
			remoteInfo = TeamUp;
		};
/* End PBXContainerItemProxy section */

/* Begin PBXCopyFilesBuildPhase section */
		45A8C5E32C5A50F300B496A9 /* Embed Frameworks */ = {
			isa = PBXCopyFilesBuildPhase;
			buildActionMask = 2147483647;
			dstPath = "";
			dstSubfolderSpec = 10;
			files = (
			);
			name = "Embed Frameworks";
			runOnlyForDeploymentPostprocessing = 0;
		};
/* End PBXCopyFilesBuildPhase section */

/* Begin PBXFileReference section */
		3D17580F2C5E756600E5BAE4 /* LoadingShowable.swift */ = {isa = PBXFileReference; lastKnownFileType = sourcecode.swift; path = LoadingShowable.swift; sourceTree = "<group>"; };
		3D2A4A392C6260DC004BD4F5 /* PlayerListViewModel.swift */ = {isa = PBXFileReference; lastKnownFileType = sourcecode.swift; path = PlayerListViewModel.swift; sourceTree = "<group>"; };
		3D51AB8E2C61687E00E1950B /* UIView.swift */ = {isa = PBXFileReference; lastKnownFileType = sourcecode.swift; path = UIView.swift; sourceTree = "<group>"; };
		3D65F6FD2C61B2A1008506F7 /* PlayerCustomView.swift */ = {isa = PBXFileReference; lastKnownFileType = sourcecode.swift; path = PlayerCustomView.swift; sourceTree = "<group>"; };
		3D81557D2C636E6C00DEEC27 /* PlayerDetailViewModel.swift */ = {isa = PBXFileReference; lastKnownFileType = sourcecode.swift; path = PlayerDetailViewModel.swift; sourceTree = "<group>"; };
		3D8476D82C66B964000E45AA /* Animation2.json */ = {isa = PBXFileReference; fileEncoding = 4; lastKnownFileType = text.json; path = Animation2.json; sourceTree = "<group>"; };
		3D8476D92C66B964000E45AA /* Animation1.json */ = {isa = PBXFileReference; fileEncoding = 4; lastKnownFileType = text.json; path = Animation1.json; sourceTree = "<group>"; };
		3D8476DA2C66B964000E45AA /* Animation3.json */ = {isa = PBXFileReference; fileEncoding = 4; lastKnownFileType = text.json; path = Animation3.json; sourceTree = "<group>"; };
		3DA5BE5C2C5BC2450048C3AB /* UIAlertController.swift */ = {isa = PBXFileReference; lastKnownFileType = sourcecode.swift; path = UIAlertController.swift; sourceTree = "<group>"; };
		3DA860C32C65E0C400598551 /* MatchDetailViewModel.swift */ = {isa = PBXFileReference; lastKnownFileType = sourcecode.swift; path = MatchDetailViewModel.swift; sourceTree = "<group>"; };
		3DA860C52C66266400598551 /* CityResponse.swift */ = {isa = PBXFileReference; lastKnownFileType = sourcecode.swift; path = CityResponse.swift; sourceTree = "<group>"; };
		3DB528D52C5A66BD004DD7B6 /* WeatherResponse.swift */ = {isa = PBXFileReference; lastKnownFileType = sourcecode.swift; path = WeatherResponse.swift; sourceTree = "<group>"; };
		3DB61D2A2C5A376C000ECAE0 /* WeatherLogic.swift */ = {isa = PBXFileReference; lastKnownFileType = sourcecode.swift; path = WeatherLogic.swift; sourceTree = "<group>"; };
		3DB61D2C2C5A37FE000ECAE0 /* WebService.swift */ = {isa = PBXFileReference; lastKnownFileType = sourcecode.swift; path = WebService.swift; sourceTree = "<group>"; };
		3DB61D332C5A385D000ECAE0 /* Router.swift */ = {isa = PBXFileReference; lastKnownFileType = sourcecode.swift; path = Router.swift; sourceTree = "<group>"; };
		3DB61D362C5A38E1000ECAE0 /* Constants.swift */ = {isa = PBXFileReference; lastKnownFileType = sourcecode.swift; path = Constants.swift; sourceTree = "<group>"; };
		3DDF17632C59053400F2BF80 /* FirebaseManager.swift */ = {isa = PBXFileReference; lastKnownFileType = sourcecode.swift; path = FirebaseManager.swift; sourceTree = "<group>"; };
		3DDF17662C59059A00F2BF80 /* Player.swift */ = {isa = PBXFileReference; lastKnownFileType = sourcecode.swift; path = Player.swift; sourceTree = "<group>"; };
		3DDF17692C591B3900F2BF80 /* PlayerDetailViewController.swift */ = {isa = PBXFileReference; lastKnownFileType = sourcecode.swift; path = PlayerDetailViewController.swift; sourceTree = "<group>"; };
		3DDF176A2C591B3900F2BF80 /* PlayerDetailViewController.xib */ = {isa = PBXFileReference; lastKnownFileType = file.xib; path = PlayerDetailViewController.xib; sourceTree = "<group>"; };
		3DDF176F2C593F1E00F2BF80 /* PlayerCell.swift */ = {isa = PBXFileReference; lastKnownFileType = sourcecode.swift; path = PlayerCell.swift; sourceTree = "<group>"; };
		3DDF17702C593F1E00F2BF80 /* PlayerCell.xib */ = {isa = PBXFileReference; lastKnownFileType = file.xib; path = PlayerCell.xib; sourceTree = "<group>"; };
		3DFC17D02C66AA9600917726 /* OnboardingViewController.swift */ = {isa = PBXFileReference; lastKnownFileType = sourcecode.swift; path = OnboardingViewController.swift; sourceTree = "<group>"; };
		3DFC17D12C66AA9600917726 /* OnboardingViewController.xib */ = {isa = PBXFileReference; lastKnownFileType = file.xib; path = OnboardingViewController.xib; sourceTree = "<group>"; };
		3DFC17D52C66AB8B00917726 /* OnboardingCell.swift */ = {isa = PBXFileReference; lastKnownFileType = sourcecode.swift; path = OnboardingCell.swift; sourceTree = "<group>"; };
		3DFC17D62C66AB8B00917726 /* OnboardingCell.xib */ = {isa = PBXFileReference; lastKnownFileType = file.xib; path = OnboardingCell.xib; sourceTree = "<group>"; };
		3DFC17D92C66AC0500917726 /* OnboardingSlide.swift */ = {isa = PBXFileReference; lastKnownFileType = sourcecode.swift; path = OnboardingSlide.swift; sourceTree = "<group>"; };
		3DFF94C42C57CE5F001DD9D5 /* TeamUp.app */ = {isa = PBXFileReference; explicitFileType = wrapper.application; includeInIndex = 0; path = TeamUp.app; sourceTree = BUILT_PRODUCTS_DIR; };
		3DFF94C72C57CE5F001DD9D5 /* AppDelegate.swift */ = {isa = PBXFileReference; lastKnownFileType = sourcecode.swift; path = AppDelegate.swift; sourceTree = "<group>"; };
		3DFF94C92C57CE5F001DD9D5 /* SceneDelegate.swift */ = {isa = PBXFileReference; lastKnownFileType = sourcecode.swift; path = SceneDelegate.swift; sourceTree = "<group>"; };
		3DFF94CB2C57CE5F001DD9D5 /* BaseViewController.swift */ = {isa = PBXFileReference; lastKnownFileType = sourcecode.swift; path = BaseViewController.swift; sourceTree = "<group>"; };
		3DFF94D02C57CE60001DD9D5 /* Assets.xcassets */ = {isa = PBXFileReference; lastKnownFileType = folder.assetcatalog; path = Assets.xcassets; sourceTree = "<group>"; };
		3DFF94D32C57CE60001DD9D5 /* Base */ = {isa = PBXFileReference; lastKnownFileType = file.storyboard; name = Base; path = Base.lproj/LaunchScreen.storyboard; sourceTree = "<group>"; };
		3DFF94D52C57CE60001DD9D5 /* Info.plist */ = {isa = PBXFileReference; lastKnownFileType = text.plist.xml; path = Info.plist; sourceTree = "<group>"; };
		3DFF951F2C57D736001DD9D5 /* GoogleService-Info.plist */ = {isa = PBXFileReference; fileEncoding = 4; lastKnownFileType = text.plist.xml; path = "GoogleService-Info.plist"; sourceTree = "<group>"; };
		3DFF95222C58079B001DD9D5 /* CreateMatchViewController.swift */ = {isa = PBXFileReference; lastKnownFileType = sourcecode.swift; path = CreateMatchViewController.swift; sourceTree = "<group>"; };
		3DFF95232C58079B001DD9D5 /* CreateMatchViewController.xib */ = {isa = PBXFileReference; lastKnownFileType = file.xib; path = CreateMatchViewController.xib; sourceTree = "<group>"; };
		3DFF95272C5807C8001DD9D5 /* PlayerListViewController.swift */ = {isa = PBXFileReference; lastKnownFileType = sourcecode.swift; path = PlayerListViewController.swift; sourceTree = "<group>"; };
		3DFF95282C5807C8001DD9D5 /* PlayerListViewController.xib */ = {isa = PBXFileReference; lastKnownFileType = file.xib; path = PlayerListViewController.xib; sourceTree = "<group>"; };
		4514B9692C6364B200E54C95 /* CreateMatchViewModel.swift */ = {isa = PBXFileReference; lastKnownFileType = sourcecode.swift; path = CreateMatchViewModel.swift; sourceTree = "<group>"; };
		4517B47B2C64D0D8005C90D6 /* SetPlayersViewModel.swift */ = {isa = PBXFileReference; lastKnownFileType = sourcecode.swift; path = SetPlayersViewModel.swift; sourceTree = "<group>"; };
		458E31212C5A28640039B64F /* MatchDetailViewController.swift */ = {isa = PBXFileReference; lastKnownFileType = sourcecode.swift; path = MatchDetailViewController.swift; sourceTree = "<group>"; };
		458E31222C5A28640039B64F /* MatchDetailViewController.xib */ = {isa = PBXFileReference; lastKnownFileType = file.xib; path = MatchDetailViewController.xib; sourceTree = "<group>"; };
		45979D3D2C5E300A00F3263E /* LoadingView.swift */ = {isa = PBXFileReference; lastKnownFileType = sourcecode.swift; path = LoadingView.swift; sourceTree = "<group>"; };
		45979D3F2C5E30B000F3263E /* EmptyView.swift */ = {isa = PBXFileReference; lastKnownFileType = sourcecode.swift; path = EmptyView.swift; sourceTree = "<group>"; };
		45B121692C617E87003AC229 /* SetPlayersViewController.swift */ = {isa = PBXFileReference; lastKnownFileType = sourcecode.swift; path = SetPlayersViewController.swift; sourceTree = "<group>"; };
		45B1216A2C617E87003AC229 /* SetPlayersViewController.xib */ = {isa = PBXFileReference; lastKnownFileType = file.xib; path = SetPlayersViewController.xib; sourceTree = "<group>"; };
		45B1216E2C617EEC003AC229 /* PlayerCollectionViewCell.swift */ = {isa = PBXFileReference; lastKnownFileType = sourcecode.swift; path = PlayerCollectionViewCell.swift; sourceTree = "<group>"; };
		45B1216F2C617EEC003AC229 /* PlayerCollectionViewCell.xib */ = {isa = PBXFileReference; lastKnownFileType = file.xib; path = PlayerCollectionViewCell.xib; sourceTree = "<group>"; };
		45C772CD2C57EF3400C952C8 /* LandingViewController.swift */ = {isa = PBXFileReference; lastKnownFileType = sourcecode.swift; path = LandingViewController.swift; sourceTree = "<group>"; };
		45C772CE2C57EF3400C952C8 /* LandingViewController.xib */ = {isa = PBXFileReference; lastKnownFileType = file.xib; path = LandingViewController.xib; sourceTree = "<group>"; };
		45C772D12C57EF4600C952C8 /* HomeViewController.swift */ = {isa = PBXFileReference; lastKnownFileType = sourcecode.swift; path = HomeViewController.swift; sourceTree = "<group>"; };
		45C772D22C57EF4600C952C8 /* HomeViewController.xib */ = {isa = PBXFileReference; lastKnownFileType = file.xib; path = HomeViewController.xib; sourceTree = "<group>"; };
		45DCF4F42C6667510014AE2F /* TeamUpTests.xctest */ = {isa = PBXFileReference; explicitFileType = wrapper.cfbundle; includeInIndex = 0; path = TeamUpTests.xctest; sourceTree = BUILT_PRODUCTS_DIR; };
		45DCF4F62C6667510014AE2F /* TeamUpTests.swift */ = {isa = PBXFileReference; lastKnownFileType = sourcecode.swift; path = TeamUpTests.swift; sourceTree = "<group>"; };
		45DCF4FE2C66693F0014AE2F /* PlayerListTests.swift */ = {isa = PBXFileReference; lastKnownFileType = sourcecode.swift; path = PlayerListTests.swift; sourceTree = "<group>"; };
		45DCF5002C666CB10014AE2F /* MockFirebaseService.swift */ = {isa = PBXFileReference; lastKnownFileType = sourcecode.swift; path = MockFirebaseService.swift; sourceTree = "<group>"; };
		45DCF5022C666CCC0014AE2F /* MockPlayerListViewModelDelegate.swift */ = {isa = PBXFileReference; lastKnownFileType = sourcecode.swift; path = MockPlayerListViewModelDelegate.swift; sourceTree = "<group>"; };
		45DCF5052C66853D0014AE2F /* PlayerDetailTests.swift */ = {isa = PBXFileReference; lastKnownFileType = sourcecode.swift; path = PlayerDetailTests.swift; sourceTree = "<group>"; };
		45DCF5072C6685590014AE2F /* MockPlayerDetailViewModelDelegate.swift */ = {isa = PBXFileReference; lastKnownFileType = sourcecode.swift; path = MockPlayerDetailViewModelDelegate.swift; sourceTree = "<group>"; };
/* End PBXFileReference section */

/* Begin PBXFrameworksBuildPhase section */
		3DFF94C12C57CE5F001DD9D5 /* Frameworks */ = {
			isa = PBXFrameworksBuildPhase;
			buildActionMask = 2147483647;
			files = (
				3DFF950C2C57D697001DD9D5 /* FirebaseDatabaseSwift in Frameworks */,
				3DFF95122C57D697001DD9D5 /* FirebaseFirestoreCombine-Community in Frameworks */,
				3DFF951A2C57D697001DD9D5 /* FirebasePerformance in Frameworks */,
				3DFF95042C57D697001DD9D5 /* FirebaseAppCheck in Frameworks */,
				3DFF95082C57D697001DD9D5 /* FirebaseAuthCombine-Community in Frameworks */,
				3DFF950A2C57D697001DD9D5 /* FirebaseDatabase in Frameworks */,
				3D8476D72C66B77E000E45AA /* Lottie in Frameworks */,
				3DFF95062C57D697001DD9D5 /* FirebaseAuth in Frameworks */,
				3DFF950E2C57D697001DD9D5 /* FirebaseDynamicLinks in Frameworks */,
				3DFF951E2C57D697001DD9D5 /* FirebaseStorageCombine-Community in Frameworks */,
				45A8C5E62C5A52FA00B496A9 /* Alamofire in Frameworks */,
				3DDF17752C59430100F2BF80 /* Kingfisher in Frameworks */,
				3DFF951C2C57D697001DD9D5 /* FirebaseStorage in Frameworks */,
				3DFF95182C57D697001DD9D5 /* FirebaseMLModelDownloader in Frameworks */,
				3DFF95102C57D697001DD9D5 /* FirebaseFirestore in Frameworks */,
				3DFF95142C57D697001DD9D5 /* FirebaseFirestoreSwift in Frameworks */,
				3DFF95162C57D697001DD9D5 /* FirebaseInstallations in Frameworks */,
			);
			runOnlyForDeploymentPostprocessing = 0;
		};
		45DCF4F12C6667510014AE2F /* Frameworks */ = {
			isa = PBXFrameworksBuildPhase;
			buildActionMask = 2147483647;
			files = (
			);
			runOnlyForDeploymentPostprocessing = 0;
		};
/* End PBXFrameworksBuildPhase section */

/* Begin PBXGroup section */
		3D17580E2C5E754B00E5BAE4 /* Utils */ = {
			isa = PBXGroup;
			children = (
				3D17580F2C5E756600E5BAE4 /* LoadingShowable.swift */,
			);
			path = Utils;
			sourceTree = "<group>";
		};
		3DA5BE5B2C5BC22C0048C3AB /* Extensions */ = {
			isa = PBXGroup;
			children = (
				3DA5BE5C2C5BC2450048C3AB /* UIAlertController.swift */,
				3D51AB8E2C61687E00E1950B /* UIView.swift */,
			);
			path = Extensions;
			sourceTree = "<group>";
		};
		3DB61D292C5A3751000ECAE0 /* Network */ = {
			isa = PBXGroup;
			children = (
				3DB61D2A2C5A376C000ECAE0 /* WeatherLogic.swift */,
				3DB61D2C2C5A37FE000ECAE0 /* WebService.swift */,
				3DB61D332C5A385D000ECAE0 /* Router.swift */,
			);
			path = Network;
			sourceTree = "<group>";
		};
		3DB61D352C5A38C9000ECAE0 /* Constants */ = {
			isa = PBXGroup;
			children = (
				3DB61D362C5A38E1000ECAE0 /* Constants.swift */,
			);
			path = Constants;
			sourceTree = "<group>";
		};
		3DDF17622C5904DB00F2BF80 /* Helpers */ = {
			isa = PBXGroup;
			children = (
				3DDF17632C59053400F2BF80 /* FirebaseManager.swift */,
			);
			path = Helpers;
			sourceTree = "<group>";
		};
		3DDF17652C59057400F2BF80 /* Model */ = {
			isa = PBXGroup;
			children = (
				3DDF17662C59059A00F2BF80 /* Player.swift */,
				3DB528D52C5A66BD004DD7B6 /* WeatherResponse.swift */,
				3DA860C52C66266400598551 /* CityResponse.swift */,
				3DFC17D92C66AC0500917726 /* OnboardingSlide.swift */,
			);
			path = Model;
			sourceTree = "<group>";
		};
		3DDF17682C591B0100F2BF80 /* PlayerDetail */ = {
			isa = PBXGroup;
			children = (
				3DDF17692C591B3900F2BF80 /* PlayerDetailViewController.swift */,
				3DDF176A2C591B3900F2BF80 /* PlayerDetailViewController.xib */,
				3D81557D2C636E6C00DEEC27 /* PlayerDetailViewModel.swift */,
			);
			path = PlayerDetail;
			sourceTree = "<group>";
		};
		3DDF176D2C593EE700F2BF80 /* Cell */ = {
			isa = PBXGroup;
			children = (
				3DDF176E2C593EED00F2BF80 /* PlayerCell */,
			);
			path = Cell;
			sourceTree = "<group>";
		};
		3DDF176E2C593EED00F2BF80 /* PlayerCell */ = {
			isa = PBXGroup;
			children = (
				3DDF176F2C593F1E00F2BF80 /* PlayerCell.swift */,
				3DDF17702C593F1E00F2BF80 /* PlayerCell.xib */,
			);
			path = PlayerCell;
			sourceTree = "<group>";
		};
		3DFC17CD2C66A95800917726 /* Onboarding */ = {
			isa = PBXGroup;
			children = (
				3DFC17D42C66AB2700917726 /* Cell */,
				3DFC17D02C66AA9600917726 /* OnboardingViewController.swift */,
				3DFC17D12C66AA9600917726 /* OnboardingViewController.xib */,
			);
			path = Onboarding;
			sourceTree = "<group>";
		};
		3DFC17D42C66AB2700917726 /* Cell */ = {
			isa = PBXGroup;
			children = (
				3DFC17D52C66AB8B00917726 /* OnboardingCell.swift */,
				3DFC17D62C66AB8B00917726 /* OnboardingCell.xib */,
			);
			path = Cell;
			sourceTree = "<group>";
		};
		3DFF94BB2C57CE5F001DD9D5 = {
			isa = PBXGroup;
			children = (
				3DFF94C62C57CE5F001DD9D5 /* TeamUp */,
				45DCF4F52C6667510014AE2F /* TeamUpTests */,
				3DFF94C52C57CE5F001DD9D5 /* Products */,
			);
			sourceTree = "<group>";
		};
		3DFF94C52C57CE5F001DD9D5 /* Products */ = {
			isa = PBXGroup;
			children = (
				3DFF94C42C57CE5F001DD9D5 /* TeamUp.app */,
				45DCF4F42C6667510014AE2F /* TeamUpTests.xctest */,
			);
			name = Products;
			sourceTree = "<group>";
		};
		3DFF94C62C57CE5F001DD9D5 /* TeamUp */ = {
			isa = PBXGroup;
			children = (
				3DB61D352C5A38C9000ECAE0 /* Constants */,
				3DB61D292C5A3751000ECAE0 /* Network */,
				3DDF17652C59057400F2BF80 /* Model */,
				3DDF17622C5904DB00F2BF80 /* Helpers */,
				45C772CA2C57EF0900C952C8 /* Modules */,
				3DFF95002C57D352001DD9D5 /* App */,
				3DFF95012C57D371001DD9D5 /* Resources */,
				3DFF94CB2C57CE5F001DD9D5 /* BaseViewController.swift */,
				3DFF94D52C57CE60001DD9D5 /* Info.plist */,
				3DFF951F2C57D736001DD9D5 /* GoogleService-Info.plist */,
			);
			path = TeamUp;
			sourceTree = "<group>";
		};
		3DFF95002C57D352001DD9D5 /* App */ = {
			isa = PBXGroup;
			children = (
				3DFF94C72C57CE5F001DD9D5 /* AppDelegate.swift */,
				3DFF94C92C57CE5F001DD9D5 /* SceneDelegate.swift */,
			);
			path = App;
			sourceTree = "<group>";
		};
		3DFF95012C57D371001DD9D5 /* Resources */ = {
			isa = PBXGroup;
			children = (
				45979D3C2C5E2FFD00F3263E /* Views */,
				3DA5BE5B2C5BC22C0048C3AB /* Extensions */,
				3D17580E2C5E754B00E5BAE4 /* Utils */,
				3D8476D92C66B964000E45AA /* Animation1.json */,
				3D8476D82C66B964000E45AA /* Animation2.json */,
				3D8476DA2C66B964000E45AA /* Animation3.json */,
				3DFF94D22C57CE60001DD9D5 /* LaunchScreen.storyboard */,
				3DFF94D02C57CE60001DD9D5 /* Assets.xcassets */,
			);
			path = Resources;
			sourceTree = "<group>";
		};
		3DFF95212C580773001DD9D5 /* CreateMatch */ = {
			isa = PBXGroup;
			children = (
				3DFF95222C58079B001DD9D5 /* CreateMatchViewController.swift */,
				3DFF95232C58079B001DD9D5 /* CreateMatchViewController.xib */,
				4514B9692C6364B200E54C95 /* CreateMatchViewModel.swift */,
			);
			path = CreateMatch;
			sourceTree = "<group>";
		};
		3DFF95262C5807B2001DD9D5 /* PlayerList */ = {
			isa = PBXGroup;
			children = (
				3DDF176D2C593EE700F2BF80 /* Cell */,
				3DFF95272C5807C8001DD9D5 /* PlayerListViewController.swift */,
				3DFF95282C5807C8001DD9D5 /* PlayerListViewController.xib */,
				3D2A4A392C6260DC004BD4F5 /* PlayerListViewModel.swift */,
			);
			path = PlayerList;
			sourceTree = "<group>";
		};
		458E31202C5A284B0039B64F /* MatchDetail */ = {
			isa = PBXGroup;
			children = (
				458E31212C5A28640039B64F /* MatchDetailViewController.swift */,
				458E31222C5A28640039B64F /* MatchDetailViewController.xib */,
				3DA860C32C65E0C400598551 /* MatchDetailViewModel.swift */,
			);
			path = MatchDetail;
			sourceTree = "<group>";
		};
		45979D3C2C5E2FFD00F3263E /* Views */ = {
			isa = PBXGroup;
			children = (
				45979D3D2C5E300A00F3263E /* LoadingView.swift */,
				45979D3F2C5E30B000F3263E /* EmptyView.swift */,
				3D65F6FD2C61B2A1008506F7 /* PlayerCustomView.swift */,
			);
			path = Views;
			sourceTree = "<group>";
		};
		45B121682C617E11003AC229 /* SetPlayers */ = {
			isa = PBXGroup;
			children = (
				45B1216D2C617EB3003AC229 /* Cell */,
				45B121692C617E87003AC229 /* SetPlayersViewController.swift */,
				45B1216A2C617E87003AC229 /* SetPlayersViewController.xib */,
				4517B47B2C64D0D8005C90D6 /* SetPlayersViewModel.swift */,
			);
			path = SetPlayers;
			sourceTree = "<group>";
		};
		45B1216D2C617EB3003AC229 /* Cell */ = {
			isa = PBXGroup;
			children = (
				45B1216E2C617EEC003AC229 /* PlayerCollectionViewCell.swift */,
				45B1216F2C617EEC003AC229 /* PlayerCollectionViewCell.xib */,
			);
			path = Cell;
			sourceTree = "<group>";
		};
		45C772CA2C57EF0900C952C8 /* Modules */ = {
			isa = PBXGroup;
			children = (
				3DFC17CD2C66A95800917726 /* Onboarding */,
				45B121682C617E11003AC229 /* SetPlayers */,
				458E31202C5A284B0039B64F /* MatchDetail */,
				3DDF17682C591B0100F2BF80 /* PlayerDetail */,
				3DFF95262C5807B2001DD9D5 /* PlayerList */,
				3DFF95212C580773001DD9D5 /* CreateMatch */,
				45C772CB2C57EF1100C952C8 /* Landing */,
				45C772CC2C57EF1C00C952C8 /* Home */,
			);
			path = Modules;
			sourceTree = "<group>";
		};
		45C772CB2C57EF1100C952C8 /* Landing */ = {
			isa = PBXGroup;
			children = (
				45C772CD2C57EF3400C952C8 /* LandingViewController.swift */,
				45C772CE2C57EF3400C952C8 /* LandingViewController.xib */,
			);
			path = Landing;
			sourceTree = "<group>";
		};
		45C772CC2C57EF1C00C952C8 /* Home */ = {
			isa = PBXGroup;
			children = (
				45C772D12C57EF4600C952C8 /* HomeViewController.swift */,
				45C772D22C57EF4600C952C8 /* HomeViewController.xib */,
			);
			path = Home;
			sourceTree = "<group>";
		};
		45DCF4F52C6667510014AE2F /* TeamUpTests */ = {
			isa = PBXGroup;
			children = (
				45DCF5042C6684C90014AE2F /* PlayerDetail */,
				45DCF4FD2C66676A0014AE2F /* PlayerList */,
				45DCF4F62C6667510014AE2F /* TeamUpTests.swift */,
			);
			path = TeamUpTests;
			sourceTree = "<group>";
		};
		45DCF4FD2C66676A0014AE2F /* PlayerList */ = {
			isa = PBXGroup;
			children = (
				45DCF4FE2C66693F0014AE2F /* PlayerListTests.swift */,
				45DCF5002C666CB10014AE2F /* MockFirebaseService.swift */,
				45DCF5022C666CCC0014AE2F /* MockPlayerListViewModelDelegate.swift */,
			);
			name = PlayerList;
			sourceTree = "<group>";
		};
		45DCF5042C6684C90014AE2F /* PlayerDetail */ = {
			isa = PBXGroup;
			children = (
				45DCF5052C66853D0014AE2F /* PlayerDetailTests.swift */,
				45DCF5072C6685590014AE2F /* MockPlayerDetailViewModelDelegate.swift */,
			);
			name = PlayerDetail;
			sourceTree = "<group>";
		};
/* End PBXGroup section */

/* Begin PBXNativeTarget section */
		3DFF94C32C57CE5F001DD9D5 /* TeamUp */ = {
			isa = PBXNativeTarget;
			buildConfigurationList = 3DFF94D82C57CE60001DD9D5 /* Build configuration list for PBXNativeTarget "TeamUp" */;
			buildPhases = (
				3DFF94C02C57CE5F001DD9D5 /* Sources */,
				3DFF94C12C57CE5F001DD9D5 /* Frameworks */,
				3DFF94C22C57CE5F001DD9D5 /* Resources */,
				45A8C5E32C5A50F300B496A9 /* Embed Frameworks */,
			);
			buildRules = (
			);
			dependencies = (
			);
			name = TeamUp;
			packageProductDependencies = (
				3DFF95032C57D697001DD9D5 /* FirebaseAppCheck */,
				3DFF95052C57D697001DD9D5 /* FirebaseAuth */,
				3DFF95072C57D697001DD9D5 /* FirebaseAuthCombine-Community */,
				3DFF95092C57D697001DD9D5 /* FirebaseDatabase */,
				3DFF950B2C57D697001DD9D5 /* FirebaseDatabaseSwift */,
				3DFF950D2C57D697001DD9D5 /* FirebaseDynamicLinks */,
				3DFF950F2C57D697001DD9D5 /* FirebaseFirestore */,
				3DFF95112C57D697001DD9D5 /* FirebaseFirestoreCombine-Community */,
				3DFF95132C57D697001DD9D5 /* FirebaseFirestoreSwift */,
				3DFF95152C57D697001DD9D5 /* FirebaseInstallations */,
				3DFF95172C57D697001DD9D5 /* FirebaseMLModelDownloader */,
				3DFF95192C57D697001DD9D5 /* FirebasePerformance */,
				3DFF951B2C57D697001DD9D5 /* FirebaseStorage */,
				3DFF951D2C57D697001DD9D5 /* FirebaseStorageCombine-Community */,
				3DDF17742C59430100F2BF80 /* Kingfisher */,
				45A8C5E52C5A52FA00B496A9 /* Alamofire */,
				3D8476D62C66B77E000E45AA /* Lottie */,
			);
			productName = TeamUp;
			productReference = 3DFF94C42C57CE5F001DD9D5 /* TeamUp.app */;
			productType = "com.apple.product-type.application";
		};
		45DCF4F32C6667510014AE2F /* TeamUpTests */ = {
			isa = PBXNativeTarget;
			buildConfigurationList = 45DCF4FC2C6667510014AE2F /* Build configuration list for PBXNativeTarget "TeamUpTests" */;
			buildPhases = (
				45DCF4F02C6667510014AE2F /* Sources */,
				45DCF4F12C6667510014AE2F /* Frameworks */,
				45DCF4F22C6667510014AE2F /* Resources */,
			);
			buildRules = (
			);
			dependencies = (
				45DCF4F92C6667510014AE2F /* PBXTargetDependency */,
			);
			name = TeamUpTests;
			productName = TeamUpTests;
			productReference = 45DCF4F42C6667510014AE2F /* TeamUpTests.xctest */;
			productType = "com.apple.product-type.bundle.unit-test";
		};
/* End PBXNativeTarget section */

/* Begin PBXProject section */
		3DFF94BC2C57CE5F001DD9D5 /* Project object */ = {
			isa = PBXProject;
			attributes = {
				BuildIndependentTargetsInParallel = 1;
				LastSwiftUpdateCheck = 1540;
				LastUpgradeCheck = 1530;
				TargetAttributes = {
					3DFF94C32C57CE5F001DD9D5 = {
						CreatedOnToolsVersion = 15.3;
					};
					45DCF4F32C6667510014AE2F = {
						CreatedOnToolsVersion = 15.4;
						TestTargetID = 3DFF94C32C57CE5F001DD9D5;
					};
				};
			};
			buildConfigurationList = 3DFF94BF2C57CE5F001DD9D5 /* Build configuration list for PBXProject "TeamUp" */;
			compatibilityVersion = "Xcode 14.0";
			developmentRegion = en;
			hasScannedForEncodings = 0;
			knownRegions = (
				en,
				Base,
			);
			mainGroup = 3DFF94BB2C57CE5F001DD9D5;
			packageReferences = (
				3DFF95022C57D697001DD9D5 /* XCRemoteSwiftPackageReference "firebase-ios-sdk" */,
				3DDF17732C59430100F2BF80 /* XCRemoteSwiftPackageReference "Kingfisher" */,
				45A8C5E42C5A52FA00B496A9 /* XCRemoteSwiftPackageReference "Alamofire" */,
				3D8476D52C66B77E000E45AA /* XCRemoteSwiftPackageReference "lottie-ios" */,
			);
			productRefGroup = 3DFF94C52C57CE5F001DD9D5 /* Products */;
			projectDirPath = "";
			projectRoot = "";
			targets = (
				3DFF94C32C57CE5F001DD9D5 /* TeamUp */,
				45DCF4F32C6667510014AE2F /* TeamUpTests */,
			);
		};
/* End PBXProject section */

/* Begin PBXResourcesBuildPhase section */
		3DFF94C22C57CE5F001DD9D5 /* Resources */ = {
			isa = PBXResourcesBuildPhase;
			buildActionMask = 2147483647;
			files = (
				3DFC17D82C66AB8B00917726 /* OnboardingCell.xib in Resources */,
				3D8476DB2C66B964000E45AA /* Animation2.json in Resources */,
				3DFF94D12C57CE60001DD9D5 /* Assets.xcassets in Resources */,
				45B1216C2C617E87003AC229 /* SetPlayersViewController.xib in Resources */,
				3DFF94D42C57CE60001DD9D5 /* Base in Resources */,
				3D8476DD2C66B964000E45AA /* Animation3.json in Resources */,
				45C772D42C57EF4600C952C8 /* HomeViewController.xib in Resources */,
				3DFC17D32C66AA9600917726 /* OnboardingViewController.xib in Resources */,
				3DDF17722C593F1E00F2BF80 /* PlayerCell.xib in Resources */,
				3D8476DC2C66B964000E45AA /* Animation1.json in Resources */,
				45B121712C617EEC003AC229 /* PlayerCollectionViewCell.xib in Resources */,
				45C772D02C57EF3400C952C8 /* LandingViewController.xib in Resources */,
				3DFF95242C58079B001DD9D5 /* CreateMatchViewController.xib in Resources */,
				3DFF95292C5807C8001DD9D5 /* PlayerListViewController.xib in Resources */,
				3DDF176B2C591B3900F2BF80 /* PlayerDetailViewController.xib in Resources */,
				3DFF95202C57D736001DD9D5 /* GoogleService-Info.plist in Resources */,
				458E31232C5A28640039B64F /* MatchDetailViewController.xib in Resources */,
			);
			runOnlyForDeploymentPostprocessing = 0;
		};
		45DCF4F22C6667510014AE2F /* Resources */ = {
			isa = PBXResourcesBuildPhase;
			buildActionMask = 2147483647;
			files = (
			);
			runOnlyForDeploymentPostprocessing = 0;
		};
/* End PBXResourcesBuildPhase section */

/* Begin PBXSourcesBuildPhase section */
		3DFF94C02C57CE5F001DD9D5 /* Sources */ = {
			isa = PBXSourcesBuildPhase;
			buildActionMask = 2147483647;
			files = (
				3DB61D2B2C5A376C000ECAE0 /* WeatherLogic.swift in Sources */,
				45C772D32C57EF4600C952C8 /* HomeViewController.swift in Sources */,
				3D51AB8F2C61687E00E1950B /* UIView.swift in Sources */,
				3DA860C42C65E0C400598551 /* MatchDetailViewModel.swift in Sources */,
				3D81557E2C636E6C00DEEC27 /* PlayerDetailViewModel.swift in Sources */,
				3DB61D2D2C5A37FE000ECAE0 /* WebService.swift in Sources */,
				3D65F6FE2C61B2A1008506F7 /* PlayerCustomView.swift in Sources */,
				3DFF94CC2C57CE5F001DD9D5 /* BaseViewController.swift in Sources */,
				3DFF95252C58079B001DD9D5 /* CreateMatchViewController.swift in Sources */,
				3DFF952A2C5807C8001DD9D5 /* PlayerListViewController.swift in Sources */,
				3D1758102C5E756600E5BAE4 /* LoadingShowable.swift in Sources */,
				3DDF17642C59053400F2BF80 /* FirebaseManager.swift in Sources */,
				3DB61D372C5A38E1000ECAE0 /* Constants.swift in Sources */,
				45B1216B2C617E87003AC229 /* SetPlayersViewController.swift in Sources */,
				3DFC17DA2C66AC0500917726 /* OnboardingSlide.swift in Sources */,
				3DB528D62C5A66BD004DD7B6 /* WeatherResponse.swift in Sources */,
				3DB61D342C5A385D000ECAE0 /* Router.swift in Sources */,
				3DA5BE5D2C5BC2450048C3AB /* UIAlertController.swift in Sources */,
				4514B96A2C6364B200E54C95 /* CreateMatchViewModel.swift in Sources */,
				3DDF17712C593F1E00F2BF80 /* PlayerCell.swift in Sources */,
				3DFF94C82C57CE5F001DD9D5 /* AppDelegate.swift in Sources */,
				3DA860C62C66266400598551 /* CityResponse.swift in Sources */,
				45C772CF2C57EF3400C952C8 /* LandingViewController.swift in Sources */,
				3DDF17672C59059A00F2BF80 /* Player.swift in Sources */,
				3D2A4A3A2C6260DC004BD4F5 /* PlayerListViewModel.swift in Sources */,
				4517B47C2C64D0D8005C90D6 /* SetPlayersViewModel.swift in Sources */,
				458E31242C5A28640039B64F /* MatchDetailViewController.swift in Sources */,
				45979D402C5E30B000F3263E /* EmptyView.swift in Sources */,
				3DFC17D22C66AA9600917726 /* OnboardingViewController.swift in Sources */,
				3DDF176C2C591B3900F2BF80 /* PlayerDetailViewController.swift in Sources */,
				45979D3E2C5E300A00F3263E /* LoadingView.swift in Sources */,
				45B121702C617EEC003AC229 /* PlayerCollectionViewCell.swift in Sources */,
				3DFF94CA2C57CE5F001DD9D5 /* SceneDelegate.swift in Sources */,
				3DFC17D72C66AB8B00917726 /* OnboardingCell.swift in Sources */,
			);
			runOnlyForDeploymentPostprocessing = 0;
		};
		45DCF4F02C6667510014AE2F /* Sources */ = {
			isa = PBXSourcesBuildPhase;
			buildActionMask = 2147483647;
			files = (
				45DCF4FF2C66693F0014AE2F /* PlayerListTests.swift in Sources */,
				45DCF4F72C6667510014AE2F /* TeamUpTests.swift in Sources */,
				45DCF5032C666CCC0014AE2F /* MockPlayerListViewModelDelegate.swift in Sources */,
				45DCF5082C6685590014AE2F /* MockPlayerDetailViewModelDelegate.swift in Sources */,
				45DCF5012C666CB10014AE2F /* MockFirebaseService.swift in Sources */,
				45DCF5062C66853D0014AE2F /* PlayerDetailTests.swift in Sources */,
			);
			runOnlyForDeploymentPostprocessing = 0;
		};
/* End PBXSourcesBuildPhase section */

/* Begin PBXTargetDependency section */
		45DCF4F92C6667510014AE2F /* PBXTargetDependency */ = {
			isa = PBXTargetDependency;
			target = 3DFF94C32C57CE5F001DD9D5 /* TeamUp */;
			targetProxy = 45DCF4F82C6667510014AE2F /* PBXContainerItemProxy */;
		};
/* End PBXTargetDependency section */

/* Begin PBXVariantGroup section */
		3DFF94D22C57CE60001DD9D5 /* LaunchScreen.storyboard */ = {
			isa = PBXVariantGroup;
			children = (
				3DFF94D32C57CE60001DD9D5 /* Base */,
			);
			name = LaunchScreen.storyboard;
			sourceTree = "<group>";
		};
/* End PBXVariantGroup section */

/* Begin XCBuildConfiguration section */
		3DFF94D62C57CE60001DD9D5 /* Debug */ = {
			isa = XCBuildConfiguration;
			buildSettings = {
				ALWAYS_SEARCH_USER_PATHS = NO;
				ASSETCATALOG_COMPILER_GENERATE_SWIFT_ASSET_SYMBOL_EXTENSIONS = YES;
				CLANG_ANALYZER_NONNULL = YES;
				CLANG_ANALYZER_NUMBER_OBJECT_CONVERSION = YES_AGGRESSIVE;
				CLANG_CXX_LANGUAGE_STANDARD = "gnu++20";
				CLANG_ENABLE_MODULES = YES;
				CLANG_ENABLE_OBJC_ARC = YES;
				CLANG_ENABLE_OBJC_WEAK = YES;
				CLANG_WARN_BLOCK_CAPTURE_AUTORELEASING = YES;
				CLANG_WARN_BOOL_CONVERSION = YES;
				CLANG_WARN_COMMA = YES;
				CLANG_WARN_CONSTANT_CONVERSION = YES;
				CLANG_WARN_DEPRECATED_OBJC_IMPLEMENTATIONS = YES;
				CLANG_WARN_DIRECT_OBJC_ISA_USAGE = YES_ERROR;
				CLANG_WARN_DOCUMENTATION_COMMENTS = YES;
				CLANG_WARN_EMPTY_BODY = YES;
				CLANG_WARN_ENUM_CONVERSION = YES;
				CLANG_WARN_INFINITE_RECURSION = YES;
				CLANG_WARN_INT_CONVERSION = YES;
				CLANG_WARN_NON_LITERAL_NULL_CONVERSION = YES;
				CLANG_WARN_OBJC_IMPLICIT_RETAIN_SELF = YES;
				CLANG_WARN_OBJC_LITERAL_CONVERSION = YES;
				CLANG_WARN_OBJC_ROOT_CLASS = YES_ERROR;
				CLANG_WARN_QUOTED_INCLUDE_IN_FRAMEWORK_HEADER = YES;
				CLANG_WARN_RANGE_LOOP_ANALYSIS = YES;
				CLANG_WARN_STRICT_PROTOTYPES = YES;
				CLANG_WARN_SUSPICIOUS_MOVE = YES;
				CLANG_WARN_UNGUARDED_AVAILABILITY = YES_AGGRESSIVE;
				CLANG_WARN_UNREACHABLE_CODE = YES;
				CLANG_WARN__DUPLICATE_METHOD_MATCH = YES;
				COPY_PHASE_STRIP = NO;
				DEBUG_INFORMATION_FORMAT = dwarf;
				ENABLE_STRICT_OBJC_MSGSEND = YES;
				ENABLE_TESTABILITY = YES;
				ENABLE_USER_SCRIPT_SANDBOXING = YES;
				GCC_C_LANGUAGE_STANDARD = gnu17;
				GCC_DYNAMIC_NO_PIC = NO;
				GCC_NO_COMMON_BLOCKS = YES;
				GCC_OPTIMIZATION_LEVEL = 0;
				GCC_PREPROCESSOR_DEFINITIONS = (
					"DEBUG=1",
					"$(inherited)",
				);
				GCC_WARN_64_TO_32_BIT_CONVERSION = YES;
				GCC_WARN_ABOUT_RETURN_TYPE = YES_ERROR;
				GCC_WARN_UNDECLARED_SELECTOR = YES;
				GCC_WARN_UNINITIALIZED_AUTOS = YES_AGGRESSIVE;
				GCC_WARN_UNUSED_FUNCTION = YES;
				GCC_WARN_UNUSED_VARIABLE = YES;
				IPHONEOS_DEPLOYMENT_TARGET = 17.4;
				LOCALIZATION_PREFERS_STRING_CATALOGS = YES;
				MTL_ENABLE_DEBUG_INFO = INCLUDE_SOURCE;
				MTL_FAST_MATH = YES;
				ONLY_ACTIVE_ARCH = YES;
				SDKROOT = iphoneos;
				SWIFT_ACTIVE_COMPILATION_CONDITIONS = "DEBUG $(inherited)";
				SWIFT_OPTIMIZATION_LEVEL = "-Onone";
			};
			name = Debug;
		};
		3DFF94D72C57CE60001DD9D5 /* Release */ = {
			isa = XCBuildConfiguration;
			buildSettings = {
				ALWAYS_SEARCH_USER_PATHS = NO;
				ASSETCATALOG_COMPILER_GENERATE_SWIFT_ASSET_SYMBOL_EXTENSIONS = YES;
				CLANG_ANALYZER_NONNULL = YES;
				CLANG_ANALYZER_NUMBER_OBJECT_CONVERSION = YES_AGGRESSIVE;
				CLANG_CXX_LANGUAGE_STANDARD = "gnu++20";
				CLANG_ENABLE_MODULES = YES;
				CLANG_ENABLE_OBJC_ARC = YES;
				CLANG_ENABLE_OBJC_WEAK = YES;
				CLANG_WARN_BLOCK_CAPTURE_AUTORELEASING = YES;
				CLANG_WARN_BOOL_CONVERSION = YES;
				CLANG_WARN_COMMA = YES;
				CLANG_WARN_CONSTANT_CONVERSION = YES;
				CLANG_WARN_DEPRECATED_OBJC_IMPLEMENTATIONS = YES;
				CLANG_WARN_DIRECT_OBJC_ISA_USAGE = YES_ERROR;
				CLANG_WARN_DOCUMENTATION_COMMENTS = YES;
				CLANG_WARN_EMPTY_BODY = YES;
				CLANG_WARN_ENUM_CONVERSION = YES;
				CLANG_WARN_INFINITE_RECURSION = YES;
				CLANG_WARN_INT_CONVERSION = YES;
				CLANG_WARN_NON_LITERAL_NULL_CONVERSION = YES;
				CLANG_WARN_OBJC_IMPLICIT_RETAIN_SELF = YES;
				CLANG_WARN_OBJC_LITERAL_CONVERSION = YES;
				CLANG_WARN_OBJC_ROOT_CLASS = YES_ERROR;
				CLANG_WARN_QUOTED_INCLUDE_IN_FRAMEWORK_HEADER = YES;
				CLANG_WARN_RANGE_LOOP_ANALYSIS = YES;
				CLANG_WARN_STRICT_PROTOTYPES = YES;
				CLANG_WARN_SUSPICIOUS_MOVE = YES;
				CLANG_WARN_UNGUARDED_AVAILABILITY = YES_AGGRESSIVE;
				CLANG_WARN_UNREACHABLE_CODE = YES;
				CLANG_WARN__DUPLICATE_METHOD_MATCH = YES;
				COPY_PHASE_STRIP = NO;
				DEBUG_INFORMATION_FORMAT = "dwarf-with-dsym";
				ENABLE_NS_ASSERTIONS = NO;
				ENABLE_STRICT_OBJC_MSGSEND = YES;
				ENABLE_USER_SCRIPT_SANDBOXING = YES;
				GCC_C_LANGUAGE_STANDARD = gnu17;
				GCC_NO_COMMON_BLOCKS = YES;
				GCC_WARN_64_TO_32_BIT_CONVERSION = YES;
				GCC_WARN_ABOUT_RETURN_TYPE = YES_ERROR;
				GCC_WARN_UNDECLARED_SELECTOR = YES;
				GCC_WARN_UNINITIALIZED_AUTOS = YES_AGGRESSIVE;
				GCC_WARN_UNUSED_FUNCTION = YES;
				GCC_WARN_UNUSED_VARIABLE = YES;
				IPHONEOS_DEPLOYMENT_TARGET = 17.4;
				LOCALIZATION_PREFERS_STRING_CATALOGS = YES;
				MTL_ENABLE_DEBUG_INFO = NO;
				MTL_FAST_MATH = YES;
				SDKROOT = iphoneos;
				SWIFT_COMPILATION_MODE = wholemodule;
				VALIDATE_PRODUCT = YES;
			};
			name = Release;
		};
		3DFF94D92C57CE60001DD9D5 /* Debug */ = {
			isa = XCBuildConfiguration;
			buildSettings = {
				ASSETCATALOG_COMPILER_APPICON_NAME = AppIcon;
				ASSETCATALOG_COMPILER_GLOBAL_ACCENT_COLOR_NAME = AccentColor;
				CODE_SIGN_STYLE = Automatic;
				CURRENT_PROJECT_VERSION = 1;
				DEVELOPMENT_TEAM = 6T3BXJ38KM;
				GENERATE_INFOPLIST_FILE = YES;
				INFOPLIST_FILE = TeamUp/Info.plist;
				INFOPLIST_KEY_UIApplicationSupportsIndirectInputEvents = YES;
				INFOPLIST_KEY_UILaunchStoryboardName = LaunchScreen;
				INFOPLIST_KEY_UISupportedInterfaceOrientations_iPad = "UIInterfaceOrientationPortrait UIInterfaceOrientationPortraitUpsideDown UIInterfaceOrientationLandscapeLeft UIInterfaceOrientationLandscapeRight";
				INFOPLIST_KEY_UISupportedInterfaceOrientations_iPhone = "UIInterfaceOrientationPortrait UIInterfaceOrientationLandscapeLeft UIInterfaceOrientationLandscapeRight";
				IPHONEOS_DEPLOYMENT_TARGET = 14.0;
				LD_RUNPATH_SEARCH_PATHS = (
					"$(inherited)",
					"@executable_path/Frameworks",
				);
				MARKETING_VERSION = 1.0;
				PRODUCT_BUNDLE_IDENTIFIER = com.alihizardere.TeamUp;
				PRODUCT_NAME = "$(TARGET_NAME)";
				SWIFT_EMIT_LOC_STRINGS = YES;
				SWIFT_VERSION = 5.0;
				TARGETED_DEVICE_FAMILY = "1,2";
			};
			name = Debug;
		};
		3DFF94DA2C57CE60001DD9D5 /* Release */ = {
			isa = XCBuildConfiguration;
			buildSettings = {
				ASSETCATALOG_COMPILER_APPICON_NAME = AppIcon;
				ASSETCATALOG_COMPILER_GLOBAL_ACCENT_COLOR_NAME = AccentColor;
				CODE_SIGN_STYLE = Automatic;
				CURRENT_PROJECT_VERSION = 1;
				DEVELOPMENT_TEAM = 6T3BXJ38KM;
				GENERATE_INFOPLIST_FILE = YES;
				INFOPLIST_FILE = TeamUp/Info.plist;
				INFOPLIST_KEY_UIApplicationSupportsIndirectInputEvents = YES;
				INFOPLIST_KEY_UILaunchStoryboardName = LaunchScreen;
				INFOPLIST_KEY_UISupportedInterfaceOrientations_iPad = "UIInterfaceOrientationPortrait UIInterfaceOrientationPortraitUpsideDown UIInterfaceOrientationLandscapeLeft UIInterfaceOrientationLandscapeRight";
				INFOPLIST_KEY_UISupportedInterfaceOrientations_iPhone = "UIInterfaceOrientationPortrait UIInterfaceOrientationLandscapeLeft UIInterfaceOrientationLandscapeRight";
				IPHONEOS_DEPLOYMENT_TARGET = 14.0;
				LD_RUNPATH_SEARCH_PATHS = (
					"$(inherited)",
					"@executable_path/Frameworks",
				);
				MARKETING_VERSION = 1.0;
				PRODUCT_BUNDLE_IDENTIFIER = com.alihizardere.TeamUp;
				PRODUCT_NAME = "$(TARGET_NAME)";
				SWIFT_EMIT_LOC_STRINGS = YES;
				SWIFT_VERSION = 5.0;
				TARGETED_DEVICE_FAMILY = "1,2";
			};
			name = Release;
		};
		45DCF4FA2C6667510014AE2F /* Debug */ = {
			isa = XCBuildConfiguration;
			buildSettings = {
				BUNDLE_LOADER = "$(TEST_HOST)";
				CODE_SIGN_STYLE = Automatic;
				CURRENT_PROJECT_VERSION = 1;
				DEVELOPMENT_TEAM = 6T3BXJ38KM;
				GENERATE_INFOPLIST_FILE = YES;
				IPHONEOS_DEPLOYMENT_TARGET = 17.5;
				MARKETING_VERSION = 1.0;
				PRODUCT_BUNDLE_IDENTIFIER = com.dogukan.TeamUpTests;
				PRODUCT_NAME = "$(TARGET_NAME)";
				SWIFT_EMIT_LOC_STRINGS = NO;
				SWIFT_VERSION = 5.0;
				TARGETED_DEVICE_FAMILY = "1,2";
				TEST_HOST = "$(BUILT_PRODUCTS_DIR)/TeamUp.app/$(BUNDLE_EXECUTABLE_FOLDER_PATH)/TeamUp";
			};
			name = Debug;
		};
		45DCF4FB2C6667510014AE2F /* Release */ = {
			isa = XCBuildConfiguration;
			buildSettings = {
				BUNDLE_LOADER = "$(TEST_HOST)";
				CODE_SIGN_STYLE = Automatic;
				CURRENT_PROJECT_VERSION = 1;
				DEVELOPMENT_TEAM = 6T3BXJ38KM;
				GENERATE_INFOPLIST_FILE = YES;
				IPHONEOS_DEPLOYMENT_TARGET = 17.5;
				MARKETING_VERSION = 1.0;
				PRODUCT_BUNDLE_IDENTIFIER = com.dogukan.TeamUpTests;
				PRODUCT_NAME = "$(TARGET_NAME)";
				SWIFT_EMIT_LOC_STRINGS = NO;
				SWIFT_VERSION = 5.0;
				TARGETED_DEVICE_FAMILY = "1,2";
				TEST_HOST = "$(BUILT_PRODUCTS_DIR)/TeamUp.app/$(BUNDLE_EXECUTABLE_FOLDER_PATH)/TeamUp";
			};
			name = Release;
		};
/* End XCBuildConfiguration section */

/* Begin XCConfigurationList section */
		3DFF94BF2C57CE5F001DD9D5 /* Build configuration list for PBXProject "TeamUp" */ = {
			isa = XCConfigurationList;
			buildConfigurations = (
				3DFF94D62C57CE60001DD9D5 /* Debug */,
				3DFF94D72C57CE60001DD9D5 /* Release */,
			);
			defaultConfigurationIsVisible = 0;
			defaultConfigurationName = Release;
		};
		3DFF94D82C57CE60001DD9D5 /* Build configuration list for PBXNativeTarget "TeamUp" */ = {
			isa = XCConfigurationList;
			buildConfigurations = (
				3DFF94D92C57CE60001DD9D5 /* Debug */,
				3DFF94DA2C57CE60001DD9D5 /* Release */,
			);
			defaultConfigurationIsVisible = 0;
			defaultConfigurationName = Release;
		};
		45DCF4FC2C6667510014AE2F /* Build configuration list for PBXNativeTarget "TeamUpTests" */ = {
			isa = XCConfigurationList;
			buildConfigurations = (
				45DCF4FA2C6667510014AE2F /* Debug */,
				45DCF4FB2C6667510014AE2F /* Release */,
			);
			defaultConfigurationIsVisible = 0;
			defaultConfigurationName = Release;
		};
/* End XCConfigurationList section */

/* Begin XCRemoteSwiftPackageReference section */
		3D8476D52C66B77E000E45AA /* XCRemoteSwiftPackageReference "lottie-ios" */ = {
			isa = XCRemoteSwiftPackageReference;
			repositoryURL = "https://github.com/airbnb/lottie-ios.git";
			requirement = {
				kind = upToNextMajorVersion;
				minimumVersion = 4.5.0;
			};
		};
		3DDF17732C59430100F2BF80 /* XCRemoteSwiftPackageReference "Kingfisher" */ = {
			isa = XCRemoteSwiftPackageReference;
			repositoryURL = "https://github.com/onevcat/Kingfisher.git";
			requirement = {
				kind = upToNextMajorVersion;
				minimumVersion = 7.12.0;
			};
		};
		3DFF95022C57D697001DD9D5 /* XCRemoteSwiftPackageReference "firebase-ios-sdk" */ = {
			isa = XCRemoteSwiftPackageReference;
			repositoryURL = "https://github.com/firebase/firebase-ios-sdk";
			requirement = {
				kind = upToNextMajorVersion;
				minimumVersion = 10.29.0;
			};
		};
		45A8C5E42C5A52FA00B496A9 /* XCRemoteSwiftPackageReference "Alamofire" */ = {
			isa = XCRemoteSwiftPackageReference;
			repositoryURL = "https://github.com/Alamofire/Alamofire";
			requirement = {
				kind = exactVersion;
				version = 5.8.1;
			};
		};
/* End XCRemoteSwiftPackageReference section */

/* Begin XCSwiftPackageProductDependency section */
		3D8476D62C66B77E000E45AA /* Lottie */ = {
			isa = XCSwiftPackageProductDependency;
			package = 3D8476D52C66B77E000E45AA /* XCRemoteSwiftPackageReference "lottie-ios" */;
			productName = Lottie;
		};
		3DDF17742C59430100F2BF80 /* Kingfisher */ = {
			isa = XCSwiftPackageProductDependency;
			package = 3DDF17732C59430100F2BF80 /* XCRemoteSwiftPackageReference "Kingfisher" */;
			productName = Kingfisher;
		};
		3DFF95032C57D697001DD9D5 /* FirebaseAppCheck */ = {
			isa = XCSwiftPackageProductDependency;
			package = 3DFF95022C57D697001DD9D5 /* XCRemoteSwiftPackageReference "firebase-ios-sdk" */;
			productName = FirebaseAppCheck;
		};
		3DFF95052C57D697001DD9D5 /* FirebaseAuth */ = {
			isa = XCSwiftPackageProductDependency;
			package = 3DFF95022C57D697001DD9D5 /* XCRemoteSwiftPackageReference "firebase-ios-sdk" */;
			productName = FirebaseAuth;
		};
		3DFF95072C57D697001DD9D5 /* FirebaseAuthCombine-Community */ = {
			isa = XCSwiftPackageProductDependency;
			package = 3DFF95022C57D697001DD9D5 /* XCRemoteSwiftPackageReference "firebase-ios-sdk" */;
			productName = "FirebaseAuthCombine-Community";
		};
		3DFF95092C57D697001DD9D5 /* FirebaseDatabase */ = {
			isa = XCSwiftPackageProductDependency;
			package = 3DFF95022C57D697001DD9D5 /* XCRemoteSwiftPackageReference "firebase-ios-sdk" */;
			productName = FirebaseDatabase;
		};
		3DFF950B2C57D697001DD9D5 /* FirebaseDatabaseSwift */ = {
			isa = XCSwiftPackageProductDependency;
			package = 3DFF95022C57D697001DD9D5 /* XCRemoteSwiftPackageReference "firebase-ios-sdk" */;
			productName = FirebaseDatabaseSwift;
		};
		3DFF950D2C57D697001DD9D5 /* FirebaseDynamicLinks */ = {
			isa = XCSwiftPackageProductDependency;
			package = 3DFF95022C57D697001DD9D5 /* XCRemoteSwiftPackageReference "firebase-ios-sdk" */;
			productName = FirebaseDynamicLinks;
		};
		3DFF950F2C57D697001DD9D5 /* FirebaseFirestore */ = {
			isa = XCSwiftPackageProductDependency;
			package = 3DFF95022C57D697001DD9D5 /* XCRemoteSwiftPackageReference "firebase-ios-sdk" */;
			productName = FirebaseFirestore;
		};
		3DFF95112C57D697001DD9D5 /* FirebaseFirestoreCombine-Community */ = {
			isa = XCSwiftPackageProductDependency;
			package = 3DFF95022C57D697001DD9D5 /* XCRemoteSwiftPackageReference "firebase-ios-sdk" */;
			productName = "FirebaseFirestoreCombine-Community";
		};
		3DFF95132C57D697001DD9D5 /* FirebaseFirestoreSwift */ = {
			isa = XCSwiftPackageProductDependency;
			package = 3DFF95022C57D697001DD9D5 /* XCRemoteSwiftPackageReference "firebase-ios-sdk" */;
			productName = FirebaseFirestoreSwift;
		};
		3DFF95152C57D697001DD9D5 /* FirebaseInstallations */ = {
			isa = XCSwiftPackageProductDependency;
			package = 3DFF95022C57D697001DD9D5 /* XCRemoteSwiftPackageReference "firebase-ios-sdk" */;
			productName = FirebaseInstallations;
		};
		3DFF95172C57D697001DD9D5 /* FirebaseMLModelDownloader */ = {
			isa = XCSwiftPackageProductDependency;
			package = 3DFF95022C57D697001DD9D5 /* XCRemoteSwiftPackageReference "firebase-ios-sdk" */;
			productName = FirebaseMLModelDownloader;
		};
		3DFF95192C57D697001DD9D5 /* FirebasePerformance */ = {
			isa = XCSwiftPackageProductDependency;
			package = 3DFF95022C57D697001DD9D5 /* XCRemoteSwiftPackageReference "firebase-ios-sdk" */;
			productName = FirebasePerformance;
		};
		3DFF951B2C57D697001DD9D5 /* FirebaseStorage */ = {
			isa = XCSwiftPackageProductDependency;
			package = 3DFF95022C57D697001DD9D5 /* XCRemoteSwiftPackageReference "firebase-ios-sdk" */;
			productName = FirebaseStorage;
		};
		3DFF951D2C57D697001DD9D5 /* FirebaseStorageCombine-Community */ = {
			isa = XCSwiftPackageProductDependency;
			package = 3DFF95022C57D697001DD9D5 /* XCRemoteSwiftPackageReference "firebase-ios-sdk" */;
			productName = "FirebaseStorageCombine-Community";
		};
		45A8C5E52C5A52FA00B496A9 /* Alamofire */ = {
			isa = XCSwiftPackageProductDependency;
			package = 45A8C5E42C5A52FA00B496A9 /* XCRemoteSwiftPackageReference "Alamofire" */;
			productName = Alamofire;
		};
/* End XCSwiftPackageProductDependency section */
	};
	rootObject = 3DFF94BC2C57CE5F001DD9D5 /* Project object */;
}
